// !$*UTF8*$!
{
	archiveVersion = 1;
	classes = {
	};
	objectVersion = 46;
	objects = {

/* Begin PBXBuildFile section */
		CE52FAB116E5A02700EE0771 /* AnyElementTestCaseA.m in Sources */ = {isa = PBXBuildFile; fileRef = CE52FAB016E5A02700EE0771 /* AnyElementTestCaseA.m */; };
		CE52FAB416E5AED900EE0771 /* AnyElementTestCaseB.m in Sources */ = {isa = PBXBuildFile; fileRef = CE52FAB316E5AED900EE0771 /* AnyElementTestCaseB.m */; };
		CE67C46116DE3546008CE51A /* ArrayEntryTest.m in Sources */ = {isa = PBXBuildFile; fileRef = CE67C46016DE3546008CE51A /* ArrayEntryTest.m */; };
		CE67C46D16DE3AE1008CE51A /* PerformanceTest.m in Sources */ = {isa = PBXBuildFile; fileRef = CE67C46C16DE3AE1008CE51A /* PerformanceTest.m */; };
		CE67C47C16DE47EF008CE51A /* XMLReadHelperTest.m in Sources */ = {isa = PBXBuildFile; fileRef = CE67C47B16DE47EF008CE51A /* XMLReadHelperTest.m */; };
		CEAA8EAF16D9BBF70024B5D7 /* UIKit.framework in Frameworks */ = {isa = PBXBuildFile; fileRef = CEAA8EAE16D9BBF70024B5D7 /* UIKit.framework */; };
		CEAA8EB116D9BBF70024B5D7 /* Foundation.framework in Frameworks */ = {isa = PBXBuildFile; fileRef = CEAA8EB016D9BBF70024B5D7 /* Foundation.framework */; };
		CEAA8EB316D9BBF70024B5D7 /* CoreGraphics.framework in Frameworks */ = {isa = PBXBuildFile; fileRef = CEAA8EB216D9BBF70024B5D7 /* CoreGraphics.framework */; };
		CEAA8EB916D9BBF70024B5D7 /* InfoPlist.strings in Resources */ = {isa = PBXBuildFile; fileRef = CEAA8EB716D9BBF70024B5D7 /* InfoPlist.strings */; };
		CEAA8EBB16D9BBF70024B5D7 /* main.m in Sources */ = {isa = PBXBuildFile; fileRef = CEAA8EBA16D9BBF70024B5D7 /* main.m */; };
		CEAA8EC116D9BBF70024B5D7 /* Default.png in Resources */ = {isa = PBXBuildFile; fileRef = CEAA8EC016D9BBF70024B5D7 /* Default.png */; };
		CEAA8EC316D9BBF70024B5D7 /* Default@2x.png in Resources */ = {isa = PBXBuildFile; fileRef = CEAA8EC216D9BBF70024B5D7 /* Default@2x.png */; };
		CEAA8EC516D9BBF70024B5D7 /* Default-568h@2x.png in Resources */ = {isa = PBXBuildFile; fileRef = CEAA8EC416D9BBF70024B5D7 /* Default-568h@2x.png */; };
		CEAA8ECE16D9BE5E0024B5D7 /* GHUnitIOS.framework in Frameworks */ = {isa = PBXBuildFile; fileRef = CEAA8ECD16D9BE5E0024B5D7 /* GHUnitIOS.framework */; };
		CEAA8ED016D9C1040024B5D7 /* QuartzCore.framework in Frameworks */ = {isa = PBXBuildFile; fileRef = CEAA8ECF16D9C1040024B5D7 /* QuartzCore.framework */; };
		CEAA8F3416D9C77F0024B5D7 /* libpico.a in Frameworks */ = {isa = PBXBuildFile; fileRef = CEAA8F3216D9C73C0024B5D7 /* libpico.a */; };
		CEAA8F3916D9C9700024B5D7 /* PicoTest.m in Sources */ = {isa = PBXBuildFile; fileRef = CEAA8F3816D9C9700024B5D7 /* PicoTest.m */; };
		CEC8893116DB8D0600B27F73 /* CacheTest.m in Sources */ = {isa = PBXBuildFile; fileRef = CEC8893016DB8D0600B27F73 /* CacheTest.m */; };
		CECC6D7716DDB1BD00E5CE91 /* CaseTest.m in Sources */ = {isa = PBXBuildFile; fileRef = CECC6D7616DDB1BD00E5CE91 /* CaseTest.m */; };
		CECC6D7A16DDB9BB00E5CE91 /* PicoTestBase.m in Sources */ = {isa = PBXBuildFile; fileRef = CECC6D7916DDB9BB00E5CE91 /* PicoTestBase.m */; };
		CECC6D8D16DDC76600E5CE91 /* caseTest.xml in Resources */ = {isa = PBXBuildFile; fileRef = CECC6D8C16DDC76600E5CE91 /* caseTest.xml */; };
		CEDE399016DB11F80066467B /* Bulldog.m in Sources */ = {isa = PBXBuildFile; fileRef = CEDE398F16DB11F80066467B /* Bulldog.m */; };
		CEDE399316DB144B0066467B /* BindingSchemaTest.m in Sources */ = {isa = PBXBuildFile; fileRef = CEDE399216DB144B0066467B /* BindingSchemaTest.m */; };
		CEDE399F16DB18940066467B /* ChineseBulldog.m in Sources */ = {isa = PBXBuildFile; fileRef = CEDE399E16DB18930066467B /* ChineseBulldog.m */; };
		CEF3AC8216DA4D4E00D36235 /* ConverterTest.m in Sources */ = {isa = PBXBuildFile; fileRef = CEF3AC8116DA4D4E00D36235 /* ConverterTest.m */; };
		CEF771FA16DEEF190046B168 /* DefaultTest.m in Sources */ = {isa = PBXBuildFile; fileRef = CEF771F916DEEF190046B168 /* DefaultTest.m */; };
		CEF771FD16DEF1240046B168 /* EmptyTest.m in Sources */ = {isa = PBXBuildFile; fileRef = CEF771FC16DEF1240046B168 /* EmptyTest.m */; };
		CEF7720016DEF2220046B168 /* XMLWriterTest.m in Sources */ = {isa = PBXBuildFile; fileRef = CEF771FF16DEF2210046B168 /* XMLWriterTest.m */; };
		CEF7720316DEF99B0046B168 /* NamespaceTest.m in Sources */ = {isa = PBXBuildFile; fileRef = CEF7720216DEF99B0046B168 /* NamespaceTest.m */; };
		CEF7720616DF01A30046B168 /* RootTest.m in Sources */ = {isa = PBXBuildFile; fileRef = CEF7720516DF01A30046B168 /* RootTest.m */; };
		CEF7720916DF050D0046B168 /* ScatterTest.m in Sources */ = {isa = PBXBuildFile; fileRef = CEF7720816DF050C0046B168 /* ScatterTest.m */; };
		CEF7720C16DF079A0046B168 /* StackOverflowTest.m in Sources */ = {isa = PBXBuildFile; fileRef = CEF7720B16DF07990046B168 /* StackOverflowTest.m */; };
		CEF7720F16DF0A510046B168 /* TyteTest.m in Sources */ = {isa = PBXBuildFile; fileRef = CEF7720E16DF0A510046B168 /* TyteTest.m */; };
		CEF7721216DF0D6D0046B168 /* UnicodeTest.m in Sources */ = {isa = PBXBuildFile; fileRef = CEF7721116DF0D6D0046B168 /* UnicodeTest.m */; };
/* End PBXBuildFile section */

/* Begin PBXContainerItemProxy section */
		CEAA8F3116D9C73C0024B5D7 /* PBXContainerItemProxy */ = {
			isa = PBXContainerItemProxy;
			containerPortal = CEAA8F2A16D9C73C0024B5D7 /* pico.xcodeproj */;
			proxyType = 2;
			remoteGlobalIDString = CEAA8F1516D9C70E0024B5D7;
			remoteInfo = pico;
		};
		CEAA8F3516D9C79F0024B5D7 /* PBXContainerItemProxy */ = {
			isa = PBXContainerItemProxy;
			containerPortal = CEAA8F2A16D9C73C0024B5D7 /* pico.xcodeproj */;
			proxyType = 1;
			remoteGlobalIDString = CEAA8F1416D9C70E0024B5D7;
			remoteInfo = pico;
		};
/* End PBXContainerItemProxy section */

/* Begin PBXFileReference section */
		CE52FAB016E5A02700EE0771 /* AnyElementTestCaseA.m */ = {isa = PBXFileReference; fileEncoding = 4; lastKnownFileType = sourcecode.c.objc; path = AnyElementTestCaseA.m; sourceTree = "<group>"; };
		CE52FAB316E5AED900EE0771 /* AnyElementTestCaseB.m */ = {isa = PBXFileReference; fileEncoding = 4; lastKnownFileType = sourcecode.c.objc; path = AnyElementTestCaseB.m; sourceTree = "<group>"; };
		CE67C46016DE3546008CE51A /* ArrayEntryTest.m */ = {isa = PBXFileReference; fileEncoding = 4; lastKnownFileType = sourcecode.c.objc; path = ArrayEntryTest.m; sourceTree = "<group>"; };
		CE67C46C16DE3AE1008CE51A /* PerformanceTest.m */ = {isa = PBXFileReference; fileEncoding = 4; lastKnownFileType = sourcecode.c.objc; path = PerformanceTest.m; sourceTree = "<group>"; };
		CE67C47B16DE47EF008CE51A /* XMLReadHelperTest.m */ = {isa = PBXFileReference; fileEncoding = 4; lastKnownFileType = sourcecode.c.objc; path = XMLReadHelperTest.m; sourceTree = "<group>"; };
		CEAA8EAA16D9BBF70024B5D7 /* picoTest.app */ = {isa = PBXFileReference; explicitFileType = wrapper.application; includeInIndex = 0; path = picoTest.app; sourceTree = BUILT_PRODUCTS_DIR; };
		CEAA8EAE16D9BBF70024B5D7 /* UIKit.framework */ = {isa = PBXFileReference; lastKnownFileType = wrapper.framework; name = UIKit.framework; path = System/Library/Frameworks/UIKit.framework; sourceTree = SDKROOT; };
		CEAA8EB016D9BBF70024B5D7 /* Foundation.framework */ = {isa = PBXFileReference; lastKnownFileType = wrapper.framework; name = Foundation.framework; path = System/Library/Frameworks/Foundation.framework; sourceTree = SDKROOT; };
		CEAA8EB216D9BBF70024B5D7 /* CoreGraphics.framework */ = {isa = PBXFileReference; lastKnownFileType = wrapper.framework; name = CoreGraphics.framework; path = System/Library/Frameworks/CoreGraphics.framework; sourceTree = SDKROOT; };
		CEAA8EB616D9BBF70024B5D7 /* picoTest-Info.plist */ = {isa = PBXFileReference; lastKnownFileType = text.plist.xml; path = "picoTest-Info.plist"; sourceTree = "<group>"; };
		CEAA8EB816D9BBF70024B5D7 /* en */ = {isa = PBXFileReference; lastKnownFileType = text.plist.strings; name = en; path = en.lproj/InfoPlist.strings; sourceTree = "<group>"; };
		CEAA8EBA16D9BBF70024B5D7 /* main.m */ = {isa = PBXFileReference; lastKnownFileType = sourcecode.c.objc; path = main.m; sourceTree = "<group>"; };
		CEAA8EBC16D9BBF70024B5D7 /* picoTest-Prefix.pch */ = {isa = PBXFileReference; lastKnownFileType = sourcecode.c.h; path = "picoTest-Prefix.pch"; sourceTree = "<group>"; };
		CEAA8EC016D9BBF70024B5D7 /* Default.png */ = {isa = PBXFileReference; lastKnownFileType = image.png; path = Default.png; sourceTree = "<group>"; };
		CEAA8EC216D9BBF70024B5D7 /* Default@2x.png */ = {isa = PBXFileReference; lastKnownFileType = image.png; path = "Default@2x.png"; sourceTree = "<group>"; };
		CEAA8EC416D9BBF70024B5D7 /* Default-568h@2x.png */ = {isa = PBXFileReference; lastKnownFileType = image.png; path = "Default-568h@2x.png"; sourceTree = "<group>"; };
		CEAA8ECD16D9BE5E0024B5D7 /* GHUnitIOS.framework */ = {isa = PBXFileReference; lastKnownFileType = wrapper.framework; path = GHUnitIOS.framework; sourceTree = "<group>"; };
		CEAA8ECF16D9C1040024B5D7 /* QuartzCore.framework */ = {isa = PBXFileReference; lastKnownFileType = wrapper.framework; name = QuartzCore.framework; path = System/Library/Frameworks/QuartzCore.framework; sourceTree = SDKROOT; };
		CEAA8F2A16D9C73C0024B5D7 /* pico.xcodeproj */ = {isa = PBXFileReference; lastKnownFileType = "wrapper.pb-project"; name = pico.xcodeproj; path = ../pico/pico.xcodeproj; sourceTree = "<group>"; };
		CEAA8F3816D9C9700024B5D7 /* PicoTest.m */ = {isa = PBXFileReference; fileEncoding = 4; lastKnownFileType = sourcecode.c.objc; name = PicoTest.m; path = tests/PicoTest.m; sourceTree = "<group>"; };
		CEC8893016DB8D0600B27F73 /* CacheTest.m */ = {isa = PBXFileReference; fileEncoding = 4; lastKnownFileType = sourcecode.c.objc; path = CacheTest.m; sourceTree = "<group>"; };
		CECC6D7616DDB1BD00E5CE91 /* CaseTest.m */ = {isa = PBXFileReference; fileEncoding = 4; lastKnownFileType = sourcecode.c.objc; path = CaseTest.m; sourceTree = "<group>"; };
		CECC6D7816DDB9BB00E5CE91 /* PicoTestBase.h */ = {isa = PBXFileReference; fileEncoding = 4; lastKnownFileType = sourcecode.c.h; path = PicoTestBase.h; sourceTree = "<group>"; };
		CECC6D7916DDB9BB00E5CE91 /* PicoTestBase.m */ = {isa = PBXFileReference; fileEncoding = 4; lastKnownFileType = sourcecode.c.objc; path = PicoTestBase.m; sourceTree = "<group>"; };
		CECC6D8C16DDC76600E5CE91 /* caseTest.xml */ = {isa = PBXFileReference; fileEncoding = 4; lastKnownFileType = text.xml; name = caseTest.xml; path = resource/caseTest.xml; sourceTree = "<group>"; };
		CEDE398E16DB11F80066467B /* Bulldog.h */ = {isa = PBXFileReference; fileEncoding = 4; lastKnownFileType = sourcecode.c.h; path = Bulldog.h; sourceTree = "<group>"; };
		CEDE398F16DB11F80066467B /* Bulldog.m */ = {isa = PBXFileReference; fileEncoding = 4; lastKnownFileType = sourcecode.c.objc; path = Bulldog.m; sourceTree = "<group>"; };
		CEDE399216DB144B0066467B /* BindingSchemaTest.m */ = {isa = PBXFileReference; fileEncoding = 4; lastKnownFileType = sourcecode.c.objc; path = BindingSchemaTest.m; sourceTree = "<group>"; };
		CEDE399D16DB18930066467B /* ChineseBulldog.h */ = {isa = PBXFileReference; fileEncoding = 4; lastKnownFileType = sourcecode.c.h; path = ChineseBulldog.h; sourceTree = "<group>"; };
		CEDE399E16DB18930066467B /* ChineseBulldog.m */ = {isa = PBXFileReference; fileEncoding = 4; lastKnownFileType = sourcecode.c.objc; path = ChineseBulldog.m; sourceTree = "<group>"; };
		CEF3AC8116DA4D4E00D36235 /* ConverterTest.m */ = {isa = PBXFileReference; fileEncoding = 4; lastKnownFileType = sourcecode.c.objc; path = ConverterTest.m; sourceTree = "<group>"; };
		CEF771F916DEEF190046B168 /* DefaultTest.m */ = {isa = PBXFileReference; fileEncoding = 4; lastKnownFileType = sourcecode.c.objc; path = DefaultTest.m; sourceTree = "<group>"; };
		CEF771FC16DEF1240046B168 /* EmptyTest.m */ = {isa = PBXFileReference; fileEncoding = 4; lastKnownFileType = sourcecode.c.objc; path = EmptyTest.m; sourceTree = "<group>"; };
		CEF771FF16DEF2210046B168 /* XMLWriterTest.m */ = {isa = PBXFileReference; fileEncoding = 4; lastKnownFileType = sourcecode.c.objc; path = XMLWriterTest.m; sourceTree = "<group>"; };
		CEF7720216DEF99B0046B168 /* NamespaceTest.m */ = {isa = PBXFileReference; fileEncoding = 4; lastKnownFileType = sourcecode.c.objc; path = NamespaceTest.m; sourceTree = "<group>"; };
		CEF7720516DF01A30046B168 /* RootTest.m */ = {isa = PBXFileReference; fileEncoding = 4; lastKnownFileType = sourcecode.c.objc; path = RootTest.m; sourceTree = "<group>"; };
		CEF7720816DF050C0046B168 /* ScatterTest.m */ = {isa = PBXFileReference; fileEncoding = 4; lastKnownFileType = sourcecode.c.objc; path = ScatterTest.m; sourceTree = "<group>"; };
		CEF7720B16DF07990046B168 /* StackOverflowTest.m */ = {isa = PBXFileReference; fileEncoding = 4; lastKnownFileType = sourcecode.c.objc; path = StackOverflowTest.m; sourceTree = "<group>"; };
		CEF7720E16DF0A510046B168 /* TyteTest.m */ = {isa = PBXFileReference; fileEncoding = 4; lastKnownFileType = sourcecode.c.objc; path = TyteTest.m; sourceTree = "<group>"; };
		CEF7721116DF0D6D0046B168 /* UnicodeTest.m */ = {isa = PBXFileReference; fileEncoding = 4; lastKnownFileType = sourcecode.c.objc; path = UnicodeTest.m; sourceTree = "<group>"; };
/* End PBXFileReference section */

/* Begin PBXFrameworksBuildPhase section */
		CEAA8EA716D9BBF70024B5D7 /* Frameworks */ = {
			isa = PBXFrameworksBuildPhase;
			buildActionMask = 2147483647;
			files = (
				CEAA8F3416D9C77F0024B5D7 /* libpico.a in Frameworks */,
				CEAA8ED016D9C1040024B5D7 /* QuartzCore.framework in Frameworks */,
				CEAA8EAF16D9BBF70024B5D7 /* UIKit.framework in Frameworks */,
				CEAA8EB116D9BBF70024B5D7 /* Foundation.framework in Frameworks */,
				CEAA8EB316D9BBF70024B5D7 /* CoreGraphics.framework in Frameworks */,
				CEAA8ECE16D9BE5E0024B5D7 /* GHUnitIOS.framework in Frameworks */,
			);
			runOnlyForDeploymentPostprocessing = 0;
		};
/* End PBXFrameworksBuildPhase section */

/* Begin PBXGroup section */
		CEAA8E9F16D9BBF70024B5D7 = {
			isa = PBXGroup;
			children = (
				CEAA8F2A16D9C73C0024B5D7 /* pico.xcodeproj */,
				CEAA8EB416D9BBF70024B5D7 /* picoTest */,
				CEAA8EAD16D9BBF70024B5D7 /* Frameworks */,
				CEAA8EAB16D9BBF70024B5D7 /* Products */,
			);
			sourceTree = "<group>";
		};
		CEAA8EAB16D9BBF70024B5D7 /* Products */ = {
			isa = PBXGroup;
			children = (
				CEAA8EAA16D9BBF70024B5D7 /* picoTest.app */,
			);
			name = Products;
			sourceTree = "<group>";
		};
		CEAA8EAD16D9BBF70024B5D7 /* Frameworks */ = {
			isa = PBXGroup;
			children = (
				CEAA8ECF16D9C1040024B5D7 /* QuartzCore.framework */,
				CEAA8ECD16D9BE5E0024B5D7 /* GHUnitIOS.framework */,
				CEAA8EAE16D9BBF70024B5D7 /* UIKit.framework */,
				CEAA8EB016D9BBF70024B5D7 /* Foundation.framework */,
				CEAA8EB216D9BBF70024B5D7 /* CoreGraphics.framework */,
			);
			name = Frameworks;
			sourceTree = "<group>";
		};
		CEAA8EB416D9BBF70024B5D7 /* picoTest */ = {
			isa = PBXGroup;
			children = (
				CECC6D8916DDC57400E5CE91 /* resource */,
				CEAA8EB516D9BBF70024B5D7 /* Supporting Files */,
				CEAA8F3816D9C9700024B5D7 /* PicoTest.m */,
				CEF3AC8116DA4D4E00D36235 /* ConverterTest.m */,
				CEDE398E16DB11F80066467B /* Bulldog.h */,
				CEDE398F16DB11F80066467B /* Bulldog.m */,
				CEDE399216DB144B0066467B /* BindingSchemaTest.m */,
				CEDE399D16DB18930066467B /* ChineseBulldog.h */,
				CEDE399E16DB18930066467B /* ChineseBulldog.m */,
				CEC8893016DB8D0600B27F73 /* CacheTest.m */,
				CECC6D7616DDB1BD00E5CE91 /* CaseTest.m */,
				CECC6D7816DDB9BB00E5CE91 /* PicoTestBase.h */,
				CECC6D7916DDB9BB00E5CE91 /* PicoTestBase.m */,
				CE67C46016DE3546008CE51A /* ArrayEntryTest.m */,
				CE67C46C16DE3AE1008CE51A /* PerformanceTest.m */,
				CE67C47B16DE47EF008CE51A /* XMLReadHelperTest.m */,
				CEF771F916DEEF190046B168 /* DefaultTest.m */,
				CEF771FC16DEF1240046B168 /* EmptyTest.m */,
				CEF771FF16DEF2210046B168 /* XMLWriterTest.m */,
				CEF7720216DEF99B0046B168 /* NamespaceTest.m */,
				CEF7720516DF01A30046B168 /* RootTest.m */,
				CEF7720816DF050C0046B168 /* ScatterTest.m */,
				CEF7720B16DF07990046B168 /* StackOverflowTest.m */,
				CEF7720E16DF0A510046B168 /* TyteTest.m */,
				CEF7721116DF0D6D0046B168 /* UnicodeTest.m */,
				CE52FAB016E5A02700EE0771 /* AnyElementTestCaseA.m */,
				CE52FAB316E5AED900EE0771 /* AnyElementTestCaseB.m */,
			);
			path = picoTest;
			sourceTree = "<group>";
		};
		CEAA8EB516D9BBF70024B5D7 /* Supporting Files */ = {
			isa = PBXGroup;
			children = (
				CEAA8EB616D9BBF70024B5D7 /* picoTest-Info.plist */,
				CEAA8EB716D9BBF70024B5D7 /* InfoPlist.strings */,
				CEAA8EBA16D9BBF70024B5D7 /* main.m */,
				CEAA8EBC16D9BBF70024B5D7 /* picoTest-Prefix.pch */,
				CEAA8EC016D9BBF70024B5D7 /* Default.png */,
				CEAA8EC216D9BBF70024B5D7 /* Default@2x.png */,
				CEAA8EC416D9BBF70024B5D7 /* Default-568h@2x.png */,
			);
			name = "Supporting Files";
			sourceTree = "<group>";
		};
		CEAA8F2B16D9C73C0024B5D7 /* Products */ = {
			isa = PBXGroup;
			children = (
				CEAA8F3216D9C73C0024B5D7 /* libpico.a */,
			);
			name = Products;
			sourceTree = "<group>";
		};
		CECC6D8916DDC57400E5CE91 /* resource */ = {
			isa = PBXGroup;
			children = (
				CECC6D8C16DDC76600E5CE91 /* caseTest.xml */,
			);
			name = resource;
			sourceTree = "<group>";
		};
/* End PBXGroup section */

/* Begin PBXNativeTarget section */
		CEAA8EA916D9BBF70024B5D7 /* picoTest */ = {
			isa = PBXNativeTarget;
			buildConfigurationList = CEAA8EC816D9BBF70024B5D7 /* Build configuration list for PBXNativeTarget "picoTest" */;
			buildPhases = (
				CEAA8EA616D9BBF70024B5D7 /* Sources */,
				CEAA8EA716D9BBF70024B5D7 /* Frameworks */,
				CEAA8EA816D9BBF70024B5D7 /* Resources */,
			);
			buildRules = (
			);
			dependencies = (
				CEAA8F3616D9C79F0024B5D7 /* PBXTargetDependency */,
			);
			name = picoTest;
			productName = picoTest;
			productReference = CEAA8EAA16D9BBF70024B5D7 /* picoTest.app */;
			productType = "com.apple.product-type.application";
		};
/* End PBXNativeTarget section */

/* Begin PBXProject section */
		CEAA8EA116D9BBF70024B5D7 /* Project object */ = {
			isa = PBXProject;
			attributes = {
				LastUpgradeCheck = 0450;
				ORGANIZATIONNAME = "LeanSoft Technology";
			};
			buildConfigurationList = CEAA8EA416D9BBF70024B5D7 /* Build configuration list for PBXProject "picoTest" */;
			compatibilityVersion = "Xcode 3.2";
			developmentRegion = English;
			hasScannedForEncodings = 0;
			knownRegions = (
				en,
			);
			mainGroup = CEAA8E9F16D9BBF70024B5D7;
			productRefGroup = CEAA8EAB16D9BBF70024B5D7 /* Products */;
			projectDirPath = "";
			projectReferences = (
				{
					ProductGroup = CEAA8F2B16D9C73C0024B5D7 /* Products */;
					ProjectRef = CEAA8F2A16D9C73C0024B5D7 /* pico.xcodeproj */;
				},
			);
			projectRoot = "";
			targets = (
				CEAA8EA916D9BBF70024B5D7 /* picoTest */,
			);
		};
/* End PBXProject section */

/* Begin PBXReferenceProxy section */
		CEAA8F3216D9C73C0024B5D7 /* libpico.a */ = {
			isa = PBXReferenceProxy;
			fileType = archive.ar;
			path = libpico.a;
			remoteRef = CEAA8F3116D9C73C0024B5D7 /* PBXContainerItemProxy */;
			sourceTree = BUILT_PRODUCTS_DIR;
		};
/* End PBXReferenceProxy section */

/* Begin PBXResourcesBuildPhase section */
		CEAA8EA816D9BBF70024B5D7 /* Resources */ = {
			isa = PBXResourcesBuildPhase;
			buildActionMask = 2147483647;
			files = (
				CEAA8EB916D9BBF70024B5D7 /* InfoPlist.strings in Resources */,
				CEAA8EC116D9BBF70024B5D7 /* Default.png in Resources */,
				CEAA8EC316D9BBF70024B5D7 /* Default@2x.png in Resources */,
				CEAA8EC516D9BBF70024B5D7 /* Default-568h@2x.png in Resources */,
				CECC6D8D16DDC76600E5CE91 /* caseTest.xml in Resources */,
			);
			runOnlyForDeploymentPostprocessing = 0;
		};
/* End PBXResourcesBuildPhase section */

/* Begin PBXSourcesBuildPhase section */
		CEAA8EA616D9BBF70024B5D7 /* Sources */ = {
			isa = PBXSourcesBuildPhase;
			buildActionMask = 2147483647;
			files = (
				CEAA8EBB16D9BBF70024B5D7 /* main.m in Sources */,
				CEAA8F3916D9C9700024B5D7 /* PicoTest.m in Sources */,
				CEF3AC8216DA4D4E00D36235 /* ConverterTest.m in Sources */,
				CEDE399016DB11F80066467B /* Bulldog.m in Sources */,
				CEDE399316DB144B0066467B /* BindingSchemaTest.m in Sources */,
				CEDE399F16DB18940066467B /* ChineseBulldog.m in Sources */,
				CEC8893116DB8D0600B27F73 /* CacheTest.m in Sources */,
				CECC6D7716DDB1BD00E5CE91 /* CaseTest.m in Sources */,
				CECC6D7A16DDB9BB00E5CE91 /* PicoTestBase.m in Sources */,
				CE67C46116DE3546008CE51A /* ArrayEntryTest.m in Sources */,
				CE67C46D16DE3AE1008CE51A /* PerformanceTest.m in Sources */,
				CE67C47C16DE47EF008CE51A /* XMLReadHelperTest.m in Sources */,
				CEF771FA16DEEF190046B168 /* DefaultTest.m in Sources */,
				CEF771FD16DEF1240046B168 /* EmptyTest.m in Sources */,
				CEF7720016DEF2220046B168 /* XMLWriterTest.m in Sources */,
				CEF7720316DEF99B0046B168 /* NamespaceTest.m in Sources */,
				CEF7720616DF01A30046B168 /* RootTest.m in Sources */,
				CEF7720916DF050D0046B168 /* ScatterTest.m in Sources */,
				CEF7720C16DF079A0046B168 /* StackOverflowTest.m in Sources */,
				CEF7720F16DF0A510046B168 /* TyteTest.m in Sources */,
				CEF7721216DF0D6D0046B168 /* UnicodeTest.m in Sources */,
				CE52FAB116E5A02700EE0771 /* AnyElementTestCaseA.m in Sources */,
				CE52FAB416E5AED900EE0771 /* AnyElementTestCaseB.m in Sources */,
			);
			runOnlyForDeploymentPostprocessing = 0;
		};
/* End PBXSourcesBuildPhase section */

/* Begin PBXTargetDependency section */
		CEAA8F3616D9C79F0024B5D7 /* PBXTargetDependency */ = {
			isa = PBXTargetDependency;
			name = pico;
			targetProxy = CEAA8F3516D9C79F0024B5D7 /* PBXContainerItemProxy */;
		};
/* End PBXTargetDependency section */

/* Begin PBXVariantGroup section */
		CEAA8EB716D9BBF70024B5D7 /* InfoPlist.strings */ = {
			isa = PBXVariantGroup;
			children = (
				CEAA8EB816D9BBF70024B5D7 /* en */,
			);
			name = InfoPlist.strings;
			sourceTree = "<group>";
		};
/* End PBXVariantGroup section */

/* Begin XCBuildConfiguration section */
		CEAA8EC616D9BBF70024B5D7 /* Debug */ = {
			isa = XCBuildConfiguration;
			buildSettings = {
				ALWAYS_SEARCH_USER_PATHS = NO;
				CLANG_CXX_LANGUAGE_STANDARD = "gnu++0x";
				CLANG_CXX_LIBRARY = "libc++";
				CLANG_WARN_EMPTY_BODY = YES;
				CLANG_WARN__DUPLICATE_METHOD_MATCH = YES;
				"CODE_SIGN_IDENTITY[sdk=iphoneos*]" = "iPhone Developer";
				COPY_PHASE_STRIP = NO;
				GCC_C_LANGUAGE_STANDARD = gnu99;
				GCC_DYNAMIC_NO_PIC = NO;
				GCC_OPTIMIZATION_LEVEL = 0;
				GCC_PREPROCESSOR_DEFINITIONS = (
					"DEBUG=1",
					"$(inherited)",
				);
				GCC_SYMBOLS_PRIVATE_EXTERN = NO;
				GCC_WARN_ABOUT_RETURN_TYPE = YES;
				GCC_WARN_UNINITIALIZED_AUTOS = YES;
				GCC_WARN_UNUSED_VARIABLE = YES;
				HEADER_SEARCH_PATHS = ../pico/pico;
				IPHONEOS_DEPLOYMENT_TARGET = 6.0;
				ONLY_ACTIVE_ARCH = YES;
				SDKROOT = iphoneos;
				TARGETED_DEVICE_FAMILY = "1,2";
			};
			name = Debug;
		};
		CEAA8EC716D9BBF70024B5D7 /* Release */ = {
			isa = XCBuildConfiguration;
			buildSettings = {
				ALWAYS_SEARCH_USER_PATHS = NO;
				CLANG_CXX_LANGUAGE_STANDARD = "gnu++0x";
				CLANG_CXX_LIBRARY = "libc++";
				CLANG_WARN_EMPTY_BODY = YES;
				CLANG_WARN__DUPLICATE_METHOD_MATCH = YES;
				"CODE_SIGN_IDENTITY[sdk=iphoneos*]" = "iPhone Developer";
				COPY_PHASE_STRIP = YES;
				GCC_C_LANGUAGE_STANDARD = gnu99;
				GCC_WARN_ABOUT_RETURN_TYPE = YES;
				GCC_WARN_UNINITIALIZED_AUTOS = YES;
				GCC_WARN_UNUSED_VARIABLE = YES;
				HEADER_SEARCH_PATHS = ../pico/pico;
				IPHONEOS_DEPLOYMENT_TARGET = 6.0;
				OTHER_CFLAGS = "-DNS_BLOCK_ASSERTIONS=1";
				SDKROOT = iphoneos;
				TARGETED_DEVICE_FAMILY = "1,2";
				VALIDATE_PRODUCT = YES;
			};
			name = Release;
		};
		CEAA8EC916D9BBF70024B5D7 /* Debug */ = {
			isa = XCBuildConfiguration;
			buildSettings = {
				FRAMEWORK_SEARCH_PATHS = (
					"$(inherited)",
					"\"$(SRCROOT)\"",
				);
				GCC_PRECOMPILE_PREFIX_HEADER = YES;
				GCC_PREFIX_HEADER = "picoTest/picoTest-Prefix.pch";
				HEADER_SEARCH_PATHS = "../pico/pico/**";
				INFOPLIST_FILE = "picoTest/picoTest-Info.plist";
				OTHER_LDFLAGS = (
					"-ObjC",
					"-all_load",
				);
				PRODUCT_NAME = "$(TARGET_NAME)";
				WRAPPER_EXTENSION = app;
			};
			name = Debug;
		};
		CEAA8ECA16D9BBF70024B5D7 /* Release */ = {
			isa = XCBuildConfiguration;
			buildSettings = {
				FRAMEWORK_SEARCH_PATHS = (
					"$(inherited)",
					"\"$(SRCROOT)\"",
				);
				GCC_PRECOMPILE_PREFIX_HEADER = YES;
				GCC_PREFIX_HEADER = "picoTest/picoTest-Prefix.pch";
				HEADER_SEARCH_PATHS = "../pico/pico/**";
				INFOPLIST_FILE = "picoTest/picoTest-Info.plist";
				OTHER_LDFLAGS = (
					"-ObjC",
					"-all_load",
				);
				PRODUCT_NAME = "$(TARGET_NAME)";
				WRAPPER_EXTENSION = app;
			};
			name = Release;
		};
/* End XCBuildConfiguration section */

/* Begin XCConfigurationList section */
		CEAA8EA416D9BBF70024B5D7 /* Build configuration list for PBXProject "picoTest" */ = {
			isa = XCConfigurationList;
			buildConfigurations = (
				CEAA8EC616D9BBF70024B5D7 /* Debug */,
				CEAA8EC716D9BBF70024B5D7 /* Release */,
			);
			defaultConfigurationIsVisible = 0;
			defaultConfigurationName = Release;
		};
		CEAA8EC816D9BBF70024B5D7 /* Build configuration list for PBXNativeTarget "picoTest" */ = {
			isa = XCConfigurationList;
			buildConfigurations = (
				CEAA8EC916D9BBF70024B5D7 /* Debug */,
				CEAA8ECA16D9BBF70024B5D7 /* Release */,
			);
			defaultConfigurationIsVisible = 0;
			defaultConfigurationName = Release;
		};
/* End XCConfigurationList section */
	};
	rootObject = CEAA8EA116D9BBF70024B5D7 /* Project object */;
}
