// !$*UTF8*$!
{
	archiveVersion = 1;
	classes = {
	};
	objectVersion = 46;
	objects = {

/* Begin PBXBuildFile section */
		CE06649D17744FD60097B200 /* FindingServicePortType_SOAPClient.m in Sources */ = {isa = PBXBuildFile; fileRef = CE06640C17744FD60097B200 /* FindingServicePortType_SOAPClient.m */; };
		CE06649E17744FD60097B200 /* FindingServicePortType_XMLClient.m in Sources */ = {isa = PBXBuildFile; fileRef = CE06640E17744FD60097B200 /* FindingServicePortType_XMLClient.m */; };
		CE06649F17744FD60097B200 /* Finding_AckValue.m in Sources */ = {isa = PBXBuildFile; fileRef = CE06641217744FD60097B200 /* Finding_AckValue.m */; };
		CE0664A017744FD60097B200 /* Finding_Affiliate.m in Sources */ = {isa = PBXBuildFile; fileRef = CE06641417744FD60097B200 /* Finding_Affiliate.m */; };
		CE0664A117744FD60097B200 /* Finding_Amount.m in Sources */ = {isa = PBXBuildFile; fileRef = CE06641617744FD60097B200 /* Finding_Amount.m */; };
		CE0664A217744FD60097B200 /* Finding_Aspect.m in Sources */ = {isa = PBXBuildFile; fileRef = CE06641817744FD60097B200 /* Finding_Aspect.m */; };
		CE0664A317744FD60097B200 /* Finding_AspectFilter.m in Sources */ = {isa = PBXBuildFile; fileRef = CE06641A17744FD60097B200 /* Finding_AspectFilter.m */; };
		CE0664A417744FD60097B200 /* Finding_AspectHistogramContainer.m in Sources */ = {isa = PBXBuildFile; fileRef = CE06641C17744FD60097B200 /* Finding_AspectHistogramContainer.m */; };
		CE0664A517744FD60097B200 /* Finding_AspectValueHistogram.m in Sources */ = {isa = PBXBuildFile; fileRef = CE06641E17744FD60097B200 /* Finding_AspectValueHistogram.m */; };
		CE0664A617744FD60097B200 /* Finding_BaseFindingServiceRequest.m in Sources */ = {isa = PBXBuildFile; fileRef = CE06642017744FD60097B200 /* Finding_BaseFindingServiceRequest.m */; };
		CE0664A717744FD60097B200 /* Finding_BaseFindingServiceResponse.m in Sources */ = {isa = PBXBuildFile; fileRef = CE06642217744FD60097B200 /* Finding_BaseFindingServiceResponse.m */; };
		CE0664A817744FD60097B200 /* Finding_BaseServiceRequest.m in Sources */ = {isa = PBXBuildFile; fileRef = CE06642417744FD60097B200 /* Finding_BaseServiceRequest.m */; };
		CE0664A917744FD60097B200 /* Finding_BaseServiceResponse.m in Sources */ = {isa = PBXBuildFile; fileRef = CE06642617744FD60097B200 /* Finding_BaseServiceResponse.m */; };
		CE0664AA17744FD60097B200 /* Finding_BestMatchFindingServiceRequest.m in Sources */ = {isa = PBXBuildFile; fileRef = CE06642817744FD60097B200 /* Finding_BestMatchFindingServiceRequest.m */; };
		CE0664AB17744FD60097B200 /* Finding_Category.m in Sources */ = {isa = PBXBuildFile; fileRef = CE06642A17744FD60097B200 /* Finding_Category.m */; };
		CE0664AC17744FD60097B200 /* Finding_CategoryHistogram.m in Sources */ = {isa = PBXBuildFile; fileRef = CE06642C17744FD60097B200 /* Finding_CategoryHistogram.m */; };
		CE0664AD17744FD60097B200 /* Finding_CategoryHistogramContainer.m in Sources */ = {isa = PBXBuildFile; fileRef = CE06642E17744FD60097B200 /* Finding_CategoryHistogramContainer.m */; };
		CE0664AE17744FD60097B200 /* Finding_Condition.m in Sources */ = {isa = PBXBuildFile; fileRef = CE06643017744FD60097B200 /* Finding_Condition.m */; };
		CE0664AF17744FD60097B200 /* Finding_ConditionHistogram.m in Sources */ = {isa = PBXBuildFile; fileRef = CE06643217744FD60097B200 /* Finding_ConditionHistogram.m */; };
		CE0664B017744FD60097B200 /* Finding_ConditionHistogramContainer.m in Sources */ = {isa = PBXBuildFile; fileRef = CE06643417744FD60097B200 /* Finding_ConditionHistogramContainer.m */; };
		CE0664B117744FD60097B200 /* Finding_DiscountPriceInfo.m in Sources */ = {isa = PBXBuildFile; fileRef = CE06643617744FD60097B200 /* Finding_DiscountPriceInfo.m */; };
		CE0664B217744FD60097B200 /* Finding_Distance.m in Sources */ = {isa = PBXBuildFile; fileRef = CE06643817744FD60097B200 /* Finding_Distance.m */; };
		CE0664B317744FD60097B200 /* Finding_DomainFilter.m in Sources */ = {isa = PBXBuildFile; fileRef = CE06643A17744FD60097B200 /* Finding_DomainFilter.m */; };
		CE0664B417744FD60097B200 /* Finding_ErrorCategory.m in Sources */ = {isa = PBXBuildFile; fileRef = CE06643C17744FD60097B200 /* Finding_ErrorCategory.m */; };
		CE0664B517744FD60097B200 /* Finding_ErrorData.m in Sources */ = {isa = PBXBuildFile; fileRef = CE06643E17744FD60097B200 /* Finding_ErrorData.m */; };
		CE0664B617744FD60097B200 /* Finding_ErrorMessage.m in Sources */ = {isa = PBXBuildFile; fileRef = CE06644017744FD60097B200 /* Finding_ErrorMessage.m */; };
		CE0664B717744FD60097B200 /* Finding_ErrorParameter.m in Sources */ = {isa = PBXBuildFile; fileRef = CE06644217744FD60097B200 /* Finding_ErrorParameter.m */; };
		CE0664B817744FD60097B200 /* Finding_ErrorSeverity.m in Sources */ = {isa = PBXBuildFile; fileRef = CE06644417744FD60097B200 /* Finding_ErrorSeverity.m */; };
		CE0664B917744FD60097B200 /* Finding_ExtensionType.m in Sources */ = {isa = PBXBuildFile; fileRef = CE06644617744FD60097B200 /* Finding_ExtensionType.m */; };
		CE0664BA17744FD60097B200 /* Finding_FindCompletedItemsRequest.m in Sources */ = {isa = PBXBuildFile; fileRef = CE06644817744FD60097B200 /* Finding_FindCompletedItemsRequest.m */; };
		CE0664BB17744FD60097B200 /* Finding_FindCompletedItemsResponse.m in Sources */ = {isa = PBXBuildFile; fileRef = CE06644A17744FD60097B200 /* Finding_FindCompletedItemsResponse.m */; };
		CE0664BC17744FD60097B200 /* Finding_FindItemsAdvancedRequest.m in Sources */ = {isa = PBXBuildFile; fileRef = CE06644C17744FD60097B200 /* Finding_FindItemsAdvancedRequest.m */; };
		CE0664BD17744FD60097B200 /* Finding_FindItemsAdvancedResponse.m in Sources */ = {isa = PBXBuildFile; fileRef = CE06644E17744FD60097B200 /* Finding_FindItemsAdvancedResponse.m */; };
		CE0664BE17744FD60097B200 /* Finding_FindItemsByCategoryRequest.m in Sources */ = {isa = PBXBuildFile; fileRef = CE06645017744FD60097B200 /* Finding_FindItemsByCategoryRequest.m */; };
		CE0664BF17744FD60097B200 /* Finding_FindItemsByCategoryResponse.m in Sources */ = {isa = PBXBuildFile; fileRef = CE06645217744FD60097B200 /* Finding_FindItemsByCategoryResponse.m */; };
		CE0664C017744FD60097B200 /* Finding_FindItemsByImageRequest.m in Sources */ = {isa = PBXBuildFile; fileRef = CE06645417744FD60097B200 /* Finding_FindItemsByImageRequest.m */; };
		CE0664C117744FD60097B200 /* Finding_FindItemsByImageResponse.m in Sources */ = {isa = PBXBuildFile; fileRef = CE06645617744FD60097B200 /* Finding_FindItemsByImageResponse.m */; };
		CE0664C217744FD60097B200 /* Finding_FindItemsByKeywordsRequest.m in Sources */ = {isa = PBXBuildFile; fileRef = CE06645817744FD60097B200 /* Finding_FindItemsByKeywordsRequest.m */; };
		CE0664C317744FD60097B200 /* Finding_FindItemsByKeywordsResponse.m in Sources */ = {isa = PBXBuildFile; fileRef = CE06645A17744FD60097B200 /* Finding_FindItemsByKeywordsResponse.m */; };
		CE0664C417744FD60097B200 /* Finding_FindItemsByProductRequest.m in Sources */ = {isa = PBXBuildFile; fileRef = CE06645C17744FD60097B200 /* Finding_FindItemsByProductRequest.m */; };
		CE0664C517744FD60097B200 /* Finding_FindItemsByProductResponse.m in Sources */ = {isa = PBXBuildFile; fileRef = CE06645E17744FD60097B200 /* Finding_FindItemsByProductResponse.m */; };
		CE0664C617744FD60097B200 /* Finding_FindItemsForFavoriteSearchRequest.m in Sources */ = {isa = PBXBuildFile; fileRef = CE06646017744FD60097B200 /* Finding_FindItemsForFavoriteSearchRequest.m */; };
		CE0664C717744FD60097B200 /* Finding_FindItemsForFavoriteSearchResponse.m in Sources */ = {isa = PBXBuildFile; fileRef = CE06646217744FD60097B200 /* Finding_FindItemsForFavoriteSearchResponse.m */; };
		CE0664C817744FD60097B200 /* Finding_FindItemsIneBayStoresRequest.m in Sources */ = {isa = PBXBuildFile; fileRef = CE06646417744FD60097B200 /* Finding_FindItemsIneBayStoresRequest.m */; };
		CE0664C917744FD60097B200 /* Finding_FindItemsIneBayStoresResponse.m in Sources */ = {isa = PBXBuildFile; fileRef = CE06646617744FD60097B200 /* Finding_FindItemsIneBayStoresResponse.m */; };
		CE0664CA17744FD60097B200 /* Finding_GalleryInfoContainer.m in Sources */ = {isa = PBXBuildFile; fileRef = CE06646817744FD60097B200 /* Finding_GalleryInfoContainer.m */; };
		CE0664CB17744FD60097B200 /* Finding_GallerySizeEnum.m in Sources */ = {isa = PBXBuildFile; fileRef = CE06646A17744FD60097B200 /* Finding_GallerySizeEnum.m */; };
		CE0664CC17744FD60097B200 /* Finding_GalleryURL.m in Sources */ = {isa = PBXBuildFile; fileRef = CE06646C17744FD60097B200 /* Finding_GalleryURL.m */; };
		CE0664CD17744FD60097B200 /* Finding_GetHistogramsRequest.m in Sources */ = {isa = PBXBuildFile; fileRef = CE06646E17744FD60097B200 /* Finding_GetHistogramsRequest.m */; };
		CE0664CE17744FD60097B200 /* Finding_GetHistogramsResponse.m in Sources */ = {isa = PBXBuildFile; fileRef = CE06647017744FD60097B200 /* Finding_GetHistogramsResponse.m */; };
		CE0664CF17744FD60097B200 /* Finding_GetSearchKeywordsRecommendationRequest.m in Sources */ = {isa = PBXBuildFile; fileRef = CE06647217744FD60097B200 /* Finding_GetSearchKeywordsRecommendationRequest.m */; };
		CE0664D017744FD60097B200 /* Finding_GetSearchKeywordsRecommendationResponse.m in Sources */ = {isa = PBXBuildFile; fileRef = CE06647417744FD60097B200 /* Finding_GetSearchKeywordsRecommendationResponse.m */; };
		CE0664D117744FD60097B200 /* Finding_GetVersionRequest.m in Sources */ = {isa = PBXBuildFile; fileRef = CE06647617744FD60097B200 /* Finding_GetVersionRequest.m */; };
		CE0664D217744FD60097B200 /* Finding_GetVersionResponse.m in Sources */ = {isa = PBXBuildFile; fileRef = CE06647817744FD60097B200 /* Finding_GetVersionResponse.m */; };
		CE0664D317744FD60097B200 /* Finding_ItemAttribute.m in Sources */ = {isa = PBXBuildFile; fileRef = CE06647A17744FD60097B200 /* Finding_ItemAttribute.m */; };
		CE0664D417744FD60097B200 /* Finding_ItemFilter.m in Sources */ = {isa = PBXBuildFile; fileRef = CE06647C17744FD60097B200 /* Finding_ItemFilter.m */; };
		CE0664D517744FD60097B200 /* Finding_ItemFilterType.m in Sources */ = {isa = PBXBuildFile; fileRef = CE06647E17744FD60097B200 /* Finding_ItemFilterType.m */; };
		CE0664D617744FD60097B200 /* Finding_ListingInfo.m in Sources */ = {isa = PBXBuildFile; fileRef = CE06648017744FD60097B200 /* Finding_ListingInfo.m */; };
		CE0664D717744FD60097B200 /* Finding_MapExposureEnum.m in Sources */ = {isa = PBXBuildFile; fileRef = CE06648217744FD60097B200 /* Finding_MapExposureEnum.m */; };
		CE0664D817744FD60097B200 /* Finding_OutputSelectorType.m in Sources */ = {isa = PBXBuildFile; fileRef = CE06648417744FD60097B200 /* Finding_OutputSelectorType.m */; };
		CE0664D917744FD60097B200 /* Finding_PaginationInput.m in Sources */ = {isa = PBXBuildFile; fileRef = CE06648617744FD60097B200 /* Finding_PaginationInput.m */; };
		CE0664DA17744FD60097B200 /* Finding_PaginationOutput.m in Sources */ = {isa = PBXBuildFile; fileRef = CE06648817744FD60097B200 /* Finding_PaginationOutput.m */; };
		CE0664DB17744FD60097B200 /* Finding_PriceTreatmentEnum.m in Sources */ = {isa = PBXBuildFile; fileRef = CE06648A17744FD60097B200 /* Finding_PriceTreatmentEnum.m */; };
		CE0664DC17744FD60097B200 /* Finding_ProductId.m in Sources */ = {isa = PBXBuildFile; fileRef = CE06648C17744FD60097B200 /* Finding_ProductId.m */; };
		CE0664DD17744FD60097B200 /* Finding_SearchItem.m in Sources */ = {isa = PBXBuildFile; fileRef = CE06648E17744FD60097B200 /* Finding_SearchItem.m */; };
		CE0664DE17744FD60097B200 /* Finding_SearchResult.m in Sources */ = {isa = PBXBuildFile; fileRef = CE06649017744FD60097B200 /* Finding_SearchResult.m */; };
		CE0664DF17744FD60097B200 /* Finding_SellerInfo.m in Sources */ = {isa = PBXBuildFile; fileRef = CE06649217744FD60097B200 /* Finding_SellerInfo.m */; };
		CE0664E017744FD60097B200 /* Finding_SellingStatus.m in Sources */ = {isa = PBXBuildFile; fileRef = CE06649417744FD60097B200 /* Finding_SellingStatus.m */; };
		CE0664E117744FD60097B200 /* Finding_ShippingInfo.m in Sources */ = {isa = PBXBuildFile; fileRef = CE06649617744FD60097B200 /* Finding_ShippingInfo.m */; };
		CE0664E217744FD60097B200 /* Finding_SortOrderType.m in Sources */ = {isa = PBXBuildFile; fileRef = CE06649817744FD60097B200 /* Finding_SortOrderType.m */; };
		CE0664E317744FD60097B200 /* Finding_Storefront.m in Sources */ = {isa = PBXBuildFile; fileRef = CE06649A17744FD60097B200 /* Finding_Storefront.m */; };
		CE0664E417744FD60097B200 /* Finding_UnitPriceInfo.m in Sources */ = {isa = PBXBuildFile; fileRef = CE06649C17744FD60097B200 /* Finding_UnitPriceInfo.m */; };
		CE0C044A1701DABE008597EC /* Entitlements.plist in Resources */ = {isa = PBXBuildFile; fileRef = CE0C04491701DABE008597EC /* Entitlements.plist */; };
		CE565B9416F5A5880097A66B /* libPico.a in Frameworks */ = {isa = PBXBuildFile; fileRef = CE565B9316F5A5880097A66B /* libPico.a */; };
		CEDDB0F216F5C19A008632A8 /* Toast+UIView.m in Sources */ = {isa = PBXBuildFile; fileRef = CEDDB0F116F5C19A008632A8 /* Toast+UIView.m */; };
		CEDDB0F416F5C1C7008632A8 /* QuartzCore.framework in Frameworks */ = {isa = PBXBuildFile; fileRef = CEDDB0F316F5C1C7008632A8 /* QuartzCore.framework */; };
		CEF613E116F4870500A3CB13 /* UIKit.framework in Frameworks */ = {isa = PBXBuildFile; fileRef = CEF613E016F4870500A3CB13 /* UIKit.framework */; };
		CEF613E316F4870500A3CB13 /* Foundation.framework in Frameworks */ = {isa = PBXBuildFile; fileRef = CEF613E216F4870500A3CB13 /* Foundation.framework */; };
		CEF613E516F4870500A3CB13 /* CoreGraphics.framework in Frameworks */ = {isa = PBXBuildFile; fileRef = CEF613E416F4870500A3CB13 /* CoreGraphics.framework */; };
		CEF613EB16F4870500A3CB13 /* InfoPlist.strings in Resources */ = {isa = PBXBuildFile; fileRef = CEF613E916F4870500A3CB13 /* InfoPlist.strings */; };
		CEF613ED16F4870500A3CB13 /* main.m in Sources */ = {isa = PBXBuildFile; fileRef = CEF613EC16F4870500A3CB13 /* main.m */; };
		CEF613F116F4870500A3CB13 /* AppDelegate.m in Sources */ = {isa = PBXBuildFile; fileRef = CEF613F016F4870500A3CB13 /* AppDelegate.m */; };
		CEF613F316F4870500A3CB13 /* Default.png in Resources */ = {isa = PBXBuildFile; fileRef = CEF613F216F4870500A3CB13 /* Default.png */; };
		CEF613F516F4870500A3CB13 /* Default@2x.png in Resources */ = {isa = PBXBuildFile; fileRef = CEF613F416F4870500A3CB13 /* Default@2x.png */; };
		CEF613F716F4870500A3CB13 /* Default-568h@2x.png in Resources */ = {isa = PBXBuildFile; fileRef = CEF613F616F4870500A3CB13 /* Default-568h@2x.png */; };
		CEF613FA16F4870500A3CB13 /* ViewController.m in Sources */ = {isa = PBXBuildFile; fileRef = CEF613F916F4870500A3CB13 /* ViewController.m */; };
		CEF613FD16F4870500A3CB13 /* ViewController_iPhone.xib in Resources */ = {isa = PBXBuildFile; fileRef = CEF613FB16F4870500A3CB13 /* ViewController_iPhone.xib */; };
		CEF6140016F4870500A3CB13 /* ViewController_iPad.xib in Resources */ = {isa = PBXBuildFile; fileRef = CEF613FE16F4870500A3CB13 /* ViewController_iPad.xib */; };
		CEF614E216F4878500A3CB13 /* EBayFindingServiceClient.m in Sources */ = {isa = PBXBuildFile; fileRef = CEF614E116F4878500A3CB13 /* EBayFindingServiceClient.m */; };
		CEF614E616F487CC00A3CB13 /* libxml2.dylib in Frameworks */ = {isa = PBXBuildFile; fileRef = CEF614E516F487CC00A3CB13 /* libxml2.dylib */; };
/* End PBXBuildFile section */

/* Begin PBXFileReference section */
		CE06640B17744FD60097B200 /* FindingServicePortType_SOAPClient.h */ = {isa = PBXFileReference; fileEncoding = 4; lastKnownFileType = sourcecode.c.h; path = FindingServicePortType_SOAPClient.h; sourceTree = "<group>"; };
		CE06640C17744FD60097B200 /* FindingServicePortType_SOAPClient.m */ = {isa = PBXFileReference; fileEncoding = 4; lastKnownFileType = sourcecode.c.objc; path = FindingServicePortType_SOAPClient.m; sourceTree = "<group>"; };
		CE06640D17744FD60097B200 /* FindingServicePortType_XMLClient.h */ = {isa = PBXFileReference; fileEncoding = 4; lastKnownFileType = sourcecode.c.h; path = FindingServicePortType_XMLClient.h; sourceTree = "<group>"; };
		CE06640E17744FD60097B200 /* FindingServicePortType_XMLClient.m */ = {isa = PBXFileReference; fileEncoding = 4; lastKnownFileType = sourcecode.c.objc; path = FindingServicePortType_XMLClient.m; sourceTree = "<group>"; };
		CE06641017744FD60097B200 /* Finding_CommonTypes.h */ = {isa = PBXFileReference; fileEncoding = 4; lastKnownFileType = sourcecode.c.h; path = Finding_CommonTypes.h; sourceTree = "<group>"; };
		CE06641117744FD60097B200 /* Finding_AckValue.h */ = {isa = PBXFileReference; fileEncoding = 4; lastKnownFileType = sourcecode.c.h; path = Finding_AckValue.h; sourceTree = "<group>"; };
		CE06641217744FD60097B200 /* Finding_AckValue.m */ = {isa = PBXFileReference; fileEncoding = 4; lastKnownFileType = sourcecode.c.objc; path = Finding_AckValue.m; sourceTree = "<group>"; };
		CE06641317744FD60097B200 /* Finding_Affiliate.h */ = {isa = PBXFileReference; fileEncoding = 4; lastKnownFileType = sourcecode.c.h; path = Finding_Affiliate.h; sourceTree = "<group>"; };
		CE06641417744FD60097B200 /* Finding_Affiliate.m */ = {isa = PBXFileReference; fileEncoding = 4; lastKnownFileType = sourcecode.c.objc; path = Finding_Affiliate.m; sourceTree = "<group>"; };
		CE06641517744FD60097B200 /* Finding_Amount.h */ = {isa = PBXFileReference; fileEncoding = 4; lastKnownFileType = sourcecode.c.h; path = Finding_Amount.h; sourceTree = "<group>"; };
		CE06641617744FD60097B200 /* Finding_Amount.m */ = {isa = PBXFileReference; fileEncoding = 4; lastKnownFileType = sourcecode.c.objc; path = Finding_Amount.m; sourceTree = "<group>"; };
		CE06641717744FD60097B200 /* Finding_Aspect.h */ = {isa = PBXFileReference; fileEncoding = 4; lastKnownFileType = sourcecode.c.h; path = Finding_Aspect.h; sourceTree = "<group>"; };
		CE06641817744FD60097B200 /* Finding_Aspect.m */ = {isa = PBXFileReference; fileEncoding = 4; lastKnownFileType = sourcecode.c.objc; path = Finding_Aspect.m; sourceTree = "<group>"; };
		CE06641917744FD60097B200 /* Finding_AspectFilter.h */ = {isa = PBXFileReference; fileEncoding = 4; lastKnownFileType = sourcecode.c.h; path = Finding_AspectFilter.h; sourceTree = "<group>"; };
		CE06641A17744FD60097B200 /* Finding_AspectFilter.m */ = {isa = PBXFileReference; fileEncoding = 4; lastKnownFileType = sourcecode.c.objc; path = Finding_AspectFilter.m; sourceTree = "<group>"; };
		CE06641B17744FD60097B200 /* Finding_AspectHistogramContainer.h */ = {isa = PBXFileReference; fileEncoding = 4; lastKnownFileType = sourcecode.c.h; path = Finding_AspectHistogramContainer.h; sourceTree = "<group>"; };
		CE06641C17744FD60097B200 /* Finding_AspectHistogramContainer.m */ = {isa = PBXFileReference; fileEncoding = 4; lastKnownFileType = sourcecode.c.objc; path = Finding_AspectHistogramContainer.m; sourceTree = "<group>"; };
		CE06641D17744FD60097B200 /* Finding_AspectValueHistogram.h */ = {isa = PBXFileReference; fileEncoding = 4; lastKnownFileType = sourcecode.c.h; path = Finding_AspectValueHistogram.h; sourceTree = "<group>"; };
		CE06641E17744FD60097B200 /* Finding_AspectValueHistogram.m */ = {isa = PBXFileReference; fileEncoding = 4; lastKnownFileType = sourcecode.c.objc; path = Finding_AspectValueHistogram.m; sourceTree = "<group>"; };
		CE06641F17744FD60097B200 /* Finding_BaseFindingServiceRequest.h */ = {isa = PBXFileReference; fileEncoding = 4; lastKnownFileType = sourcecode.c.h; path = Finding_BaseFindingServiceRequest.h; sourceTree = "<group>"; };
		CE06642017744FD60097B200 /* Finding_BaseFindingServiceRequest.m */ = {isa = PBXFileReference; fileEncoding = 4; lastKnownFileType = sourcecode.c.objc; path = Finding_BaseFindingServiceRequest.m; sourceTree = "<group>"; };
		CE06642117744FD60097B200 /* Finding_BaseFindingServiceResponse.h */ = {isa = PBXFileReference; fileEncoding = 4; lastKnownFileType = sourcecode.c.h; path = Finding_BaseFindingServiceResponse.h; sourceTree = "<group>"; };
		CE06642217744FD60097B200 /* Finding_BaseFindingServiceResponse.m */ = {isa = PBXFileReference; fileEncoding = 4; lastKnownFileType = sourcecode.c.objc; path = Finding_BaseFindingServiceResponse.m; sourceTree = "<group>"; };
		CE06642317744FD60097B200 /* Finding_BaseServiceRequest.h */ = {isa = PBXFileReference; fileEncoding = 4; lastKnownFileType = sourcecode.c.h; path = Finding_BaseServiceRequest.h; sourceTree = "<group>"; };
		CE06642417744FD60097B200 /* Finding_BaseServiceRequest.m */ = {isa = PBXFileReference; fileEncoding = 4; lastKnownFileType = sourcecode.c.objc; path = Finding_BaseServiceRequest.m; sourceTree = "<group>"; };
		CE06642517744FD60097B200 /* Finding_BaseServiceResponse.h */ = {isa = PBXFileReference; fileEncoding = 4; lastKnownFileType = sourcecode.c.h; path = Finding_BaseServiceResponse.h; sourceTree = "<group>"; };
		CE06642617744FD60097B200 /* Finding_BaseServiceResponse.m */ = {isa = PBXFileReference; fileEncoding = 4; lastKnownFileType = sourcecode.c.objc; path = Finding_BaseServiceResponse.m; sourceTree = "<group>"; };
		CE06642717744FD60097B200 /* Finding_BestMatchFindingServiceRequest.h */ = {isa = PBXFileReference; fileEncoding = 4; lastKnownFileType = sourcecode.c.h; path = Finding_BestMatchFindingServiceRequest.h; sourceTree = "<group>"; };
		CE06642817744FD60097B200 /* Finding_BestMatchFindingServiceRequest.m */ = {isa = PBXFileReference; fileEncoding = 4; lastKnownFileType = sourcecode.c.objc; path = Finding_BestMatchFindingServiceRequest.m; sourceTree = "<group>"; };
		CE06642917744FD60097B200 /* Finding_Category.h */ = {isa = PBXFileReference; fileEncoding = 4; lastKnownFileType = sourcecode.c.h; path = Finding_Category.h; sourceTree = "<group>"; };
		CE06642A17744FD60097B200 /* Finding_Category.m */ = {isa = PBXFileReference; fileEncoding = 4; lastKnownFileType = sourcecode.c.objc; path = Finding_Category.m; sourceTree = "<group>"; };
		CE06642B17744FD60097B200 /* Finding_CategoryHistogram.h */ = {isa = PBXFileReference; fileEncoding = 4; lastKnownFileType = sourcecode.c.h; path = Finding_CategoryHistogram.h; sourceTree = "<group>"; };
		CE06642C17744FD60097B200 /* Finding_CategoryHistogram.m */ = {isa = PBXFileReference; fileEncoding = 4; lastKnownFileType = sourcecode.c.objc; path = Finding_CategoryHistogram.m; sourceTree = "<group>"; };
		CE06642D17744FD60097B200 /* Finding_CategoryHistogramContainer.h */ = {isa = PBXFileReference; fileEncoding = 4; lastKnownFileType = sourcecode.c.h; path = Finding_CategoryHistogramContainer.h; sourceTree = "<group>"; };
		CE06642E17744FD60097B200 /* Finding_CategoryHistogramContainer.m */ = {isa = PBXFileReference; fileEncoding = 4; lastKnownFileType = sourcecode.c.objc; path = Finding_CategoryHistogramContainer.m; sourceTree = "<group>"; };
		CE06642F17744FD60097B200 /* Finding_Condition.h */ = {isa = PBXFileReference; fileEncoding = 4; lastKnownFileType = sourcecode.c.h; path = Finding_Condition.h; sourceTree = "<group>"; };
		CE06643017744FD60097B200 /* Finding_Condition.m */ = {isa = PBXFileReference; fileEncoding = 4; lastKnownFileType = sourcecode.c.objc; path = Finding_Condition.m; sourceTree = "<group>"; };
		CE06643117744FD60097B200 /* Finding_ConditionHistogram.h */ = {isa = PBXFileReference; fileEncoding = 4; lastKnownFileType = sourcecode.c.h; path = Finding_ConditionHistogram.h; sourceTree = "<group>"; };
		CE06643217744FD60097B200 /* Finding_ConditionHistogram.m */ = {isa = PBXFileReference; fileEncoding = 4; lastKnownFileType = sourcecode.c.objc; path = Finding_ConditionHistogram.m; sourceTree = "<group>"; };
		CE06643317744FD60097B200 /* Finding_ConditionHistogramContainer.h */ = {isa = PBXFileReference; fileEncoding = 4; lastKnownFileType = sourcecode.c.h; path = Finding_ConditionHistogramContainer.h; sourceTree = "<group>"; };
		CE06643417744FD60097B200 /* Finding_ConditionHistogramContainer.m */ = {isa = PBXFileReference; fileEncoding = 4; lastKnownFileType = sourcecode.c.objc; path = Finding_ConditionHistogramContainer.m; sourceTree = "<group>"; };
		CE06643517744FD60097B200 /* Finding_DiscountPriceInfo.h */ = {isa = PBXFileReference; fileEncoding = 4; lastKnownFileType = sourcecode.c.h; path = Finding_DiscountPriceInfo.h; sourceTree = "<group>"; };
		CE06643617744FD60097B200 /* Finding_DiscountPriceInfo.m */ = {isa = PBXFileReference; fileEncoding = 4; lastKnownFileType = sourcecode.c.objc; path = Finding_DiscountPriceInfo.m; sourceTree = "<group>"; };
		CE06643717744FD60097B200 /* Finding_Distance.h */ = {isa = PBXFileReference; fileEncoding = 4; lastKnownFileType = sourcecode.c.h; path = Finding_Distance.h; sourceTree = "<group>"; };
		CE06643817744FD60097B200 /* Finding_Distance.m */ = {isa = PBXFileReference; fileEncoding = 4; lastKnownFileType = sourcecode.c.objc; path = Finding_Distance.m; sourceTree = "<group>"; };
		CE06643917744FD60097B200 /* Finding_DomainFilter.h */ = {isa = PBXFileReference; fileEncoding = 4; lastKnownFileType = sourcecode.c.h; path = Finding_DomainFilter.h; sourceTree = "<group>"; };
		CE06643A17744FD60097B200 /* Finding_DomainFilter.m */ = {isa = PBXFileReference; fileEncoding = 4; lastKnownFileType = sourcecode.c.objc; path = Finding_DomainFilter.m; sourceTree = "<group>"; };
		CE06643B17744FD60097B200 /* Finding_ErrorCategory.h */ = {isa = PBXFileReference; fileEncoding = 4; lastKnownFileType = sourcecode.c.h; path = Finding_ErrorCategory.h; sourceTree = "<group>"; };
		CE06643C17744FD60097B200 /* Finding_ErrorCategory.m */ = {isa = PBXFileReference; fileEncoding = 4; lastKnownFileType = sourcecode.c.objc; path = Finding_ErrorCategory.m; sourceTree = "<group>"; };
		CE06643D17744FD60097B200 /* Finding_ErrorData.h */ = {isa = PBXFileReference; fileEncoding = 4; lastKnownFileType = sourcecode.c.h; path = Finding_ErrorData.h; sourceTree = "<group>"; };
		CE06643E17744FD60097B200 /* Finding_ErrorData.m */ = {isa = PBXFileReference; fileEncoding = 4; lastKnownFileType = sourcecode.c.objc; path = Finding_ErrorData.m; sourceTree = "<group>"; };
		CE06643F17744FD60097B200 /* Finding_ErrorMessage.h */ = {isa = PBXFileReference; fileEncoding = 4; lastKnownFileType = sourcecode.c.h; path = Finding_ErrorMessage.h; sourceTree = "<group>"; };
		CE06644017744FD60097B200 /* Finding_ErrorMessage.m */ = {isa = PBXFileReference; fileEncoding = 4; lastKnownFileType = sourcecode.c.objc; path = Finding_ErrorMessage.m; sourceTree = "<group>"; };
		CE06644117744FD60097B200 /* Finding_ErrorParameter.h */ = {isa = PBXFileReference; fileEncoding = 4; lastKnownFileType = sourcecode.c.h; path = Finding_ErrorParameter.h; sourceTree = "<group>"; };
		CE06644217744FD60097B200 /* Finding_ErrorParameter.m */ = {isa = PBXFileReference; fileEncoding = 4; lastKnownFileType = sourcecode.c.objc; path = Finding_ErrorParameter.m; sourceTree = "<group>"; };
		CE06644317744FD60097B200 /* Finding_ErrorSeverity.h */ = {isa = PBXFileReference; fileEncoding = 4; lastKnownFileType = sourcecode.c.h; path = Finding_ErrorSeverity.h; sourceTree = "<group>"; };
		CE06644417744FD60097B200 /* Finding_ErrorSeverity.m */ = {isa = PBXFileReference; fileEncoding = 4; lastKnownFileType = sourcecode.c.objc; path = Finding_ErrorSeverity.m; sourceTree = "<group>"; };
		CE06644517744FD60097B200 /* Finding_ExtensionType.h */ = {isa = PBXFileReference; fileEncoding = 4; lastKnownFileType = sourcecode.c.h; path = Finding_ExtensionType.h; sourceTree = "<group>"; };
		CE06644617744FD60097B200 /* Finding_ExtensionType.m */ = {isa = PBXFileReference; fileEncoding = 4; lastKnownFileType = sourcecode.c.objc; path = Finding_ExtensionType.m; sourceTree = "<group>"; };
		CE06644717744FD60097B200 /* Finding_FindCompletedItemsRequest.h */ = {isa = PBXFileReference; fileEncoding = 4; lastKnownFileType = sourcecode.c.h; path = Finding_FindCompletedItemsRequest.h; sourceTree = "<group>"; };
		CE06644817744FD60097B200 /* Finding_FindCompletedItemsRequest.m */ = {isa = PBXFileReference; fileEncoding = 4; lastKnownFileType = sourcecode.c.objc; path = Finding_FindCompletedItemsRequest.m; sourceTree = "<group>"; };
		CE06644917744FD60097B200 /* Finding_FindCompletedItemsResponse.h */ = {isa = PBXFileReference; fileEncoding = 4; lastKnownFileType = sourcecode.c.h; path = Finding_FindCompletedItemsResponse.h; sourceTree = "<group>"; };
		CE06644A17744FD60097B200 /* Finding_FindCompletedItemsResponse.m */ = {isa = PBXFileReference; fileEncoding = 4; lastKnownFileType = sourcecode.c.objc; path = Finding_FindCompletedItemsResponse.m; sourceTree = "<group>"; };
		CE06644B17744FD60097B200 /* Finding_FindItemsAdvancedRequest.h */ = {isa = PBXFileReference; fileEncoding = 4; lastKnownFileType = sourcecode.c.h; path = Finding_FindItemsAdvancedRequest.h; sourceTree = "<group>"; };
		CE06644C17744FD60097B200 /* Finding_FindItemsAdvancedRequest.m */ = {isa = PBXFileReference; fileEncoding = 4; lastKnownFileType = sourcecode.c.objc; path = Finding_FindItemsAdvancedRequest.m; sourceTree = "<group>"; };
		CE06644D17744FD60097B200 /* Finding_FindItemsAdvancedResponse.h */ = {isa = PBXFileReference; fileEncoding = 4; lastKnownFileType = sourcecode.c.h; path = Finding_FindItemsAdvancedResponse.h; sourceTree = "<group>"; };
		CE06644E17744FD60097B200 /* Finding_FindItemsAdvancedResponse.m */ = {isa = PBXFileReference; fileEncoding = 4; lastKnownFileType = sourcecode.c.objc; path = Finding_FindItemsAdvancedResponse.m; sourceTree = "<group>"; };
		CE06644F17744FD60097B200 /* Finding_FindItemsByCategoryRequest.h */ = {isa = PBXFileReference; fileEncoding = 4; lastKnownFileType = sourcecode.c.h; path = Finding_FindItemsByCategoryRequest.h; sourceTree = "<group>"; };
		CE06645017744FD60097B200 /* Finding_FindItemsByCategoryRequest.m */ = {isa = PBXFileReference; fileEncoding = 4; lastKnownFileType = sourcecode.c.objc; path = Finding_FindItemsByCategoryRequest.m; sourceTree = "<group>"; };
		CE06645117744FD60097B200 /* Finding_FindItemsByCategoryResponse.h */ = {isa = PBXFileReference; fileEncoding = 4; lastKnownFileType = sourcecode.c.h; path = Finding_FindItemsByCategoryResponse.h; sourceTree = "<group>"; };
		CE06645217744FD60097B200 /* Finding_FindItemsByCategoryResponse.m */ = {isa = PBXFileReference; fileEncoding = 4; lastKnownFileType = sourcecode.c.objc; path = Finding_FindItemsByCategoryResponse.m; sourceTree = "<group>"; };
		CE06645317744FD60097B200 /* Finding_FindItemsByImageRequest.h */ = {isa = PBXFileReference; fileEncoding = 4; lastKnownFileType = sourcecode.c.h; path = Finding_FindItemsByImageRequest.h; sourceTree = "<group>"; };
		CE06645417744FD60097B200 /* Finding_FindItemsByImageRequest.m */ = {isa = PBXFileReference; fileEncoding = 4; lastKnownFileType = sourcecode.c.objc; path = Finding_FindItemsByImageRequest.m; sourceTree = "<group>"; };
		CE06645517744FD60097B200 /* Finding_FindItemsByImageResponse.h */ = {isa = PBXFileReference; fileEncoding = 4; lastKnownFileType = sourcecode.c.h; path = Finding_FindItemsByImageResponse.h; sourceTree = "<group>"; };
		CE06645617744FD60097B200 /* Finding_FindItemsByImageResponse.m */ = {isa = PBXFileReference; fileEncoding = 4; lastKnownFileType = sourcecode.c.objc; path = Finding_FindItemsByImageResponse.m; sourceTree = "<group>"; };
		CE06645717744FD60097B200 /* Finding_FindItemsByKeywordsRequest.h */ = {isa = PBXFileReference; fileEncoding = 4; lastKnownFileType = sourcecode.c.h; path = Finding_FindItemsByKeywordsRequest.h; sourceTree = "<group>"; };
		CE06645817744FD60097B200 /* Finding_FindItemsByKeywordsRequest.m */ = {isa = PBXFileReference; fileEncoding = 4; lastKnownFileType = sourcecode.c.objc; path = Finding_FindItemsByKeywordsRequest.m; sourceTree = "<group>"; };
		CE06645917744FD60097B200 /* Finding_FindItemsByKeywordsResponse.h */ = {isa = PBXFileReference; fileEncoding = 4; lastKnownFileType = sourcecode.c.h; path = Finding_FindItemsByKeywordsResponse.h; sourceTree = "<group>"; };
		CE06645A17744FD60097B200 /* Finding_FindItemsByKeywordsResponse.m */ = {isa = PBXFileReference; fileEncoding = 4; lastKnownFileType = sourcecode.c.objc; path = Finding_FindItemsByKeywordsResponse.m; sourceTree = "<group>"; };
		CE06645B17744FD60097B200 /* Finding_FindItemsByProductRequest.h */ = {isa = PBXFileReference; fileEncoding = 4; lastKnownFileType = sourcecode.c.h; path = Finding_FindItemsByProductRequest.h; sourceTree = "<group>"; };
		CE06645C17744FD60097B200 /* Finding_FindItemsByProductRequest.m */ = {isa = PBXFileReference; fileEncoding = 4; lastKnownFileType = sourcecode.c.objc; path = Finding_FindItemsByProductRequest.m; sourceTree = "<group>"; };
		CE06645D17744FD60097B200 /* Finding_FindItemsByProductResponse.h */ = {isa = PBXFileReference; fileEncoding = 4; lastKnownFileType = sourcecode.c.h; path = Finding_FindItemsByProductResponse.h; sourceTree = "<group>"; };
		CE06645E17744FD60097B200 /* Finding_FindItemsByProductResponse.m */ = {isa = PBXFileReference; fileEncoding = 4; lastKnownFileType = sourcecode.c.objc; path = Finding_FindItemsByProductResponse.m; sourceTree = "<group>"; };
		CE06645F17744FD60097B200 /* Finding_FindItemsForFavoriteSearchRequest.h */ = {isa = PBXFileReference; fileEncoding = 4; lastKnownFileType = sourcecode.c.h; path = Finding_FindItemsForFavoriteSearchRequest.h; sourceTree = "<group>"; };
		CE06646017744FD60097B200 /* Finding_FindItemsForFavoriteSearchRequest.m */ = {isa = PBXFileReference; fileEncoding = 4; lastKnownFileType = sourcecode.c.objc; path = Finding_FindItemsForFavoriteSearchRequest.m; sourceTree = "<group>"; };
		CE06646117744FD60097B200 /* Finding_FindItemsForFavoriteSearchResponse.h */ = {isa = PBXFileReference; fileEncoding = 4; lastKnownFileType = sourcecode.c.h; path = Finding_FindItemsForFavoriteSearchResponse.h; sourceTree = "<group>"; };
		CE06646217744FD60097B200 /* Finding_FindItemsForFavoriteSearchResponse.m */ = {isa = PBXFileReference; fileEncoding = 4; lastKnownFileType = sourcecode.c.objc; path = Finding_FindItemsForFavoriteSearchResponse.m; sourceTree = "<group>"; };
		CE06646317744FD60097B200 /* Finding_FindItemsIneBayStoresRequest.h */ = {isa = PBXFileReference; fileEncoding = 4; lastKnownFileType = sourcecode.c.h; path = Finding_FindItemsIneBayStoresRequest.h; sourceTree = "<group>"; };
		CE06646417744FD60097B200 /* Finding_FindItemsIneBayStoresRequest.m */ = {isa = PBXFileReference; fileEncoding = 4; lastKnownFileType = sourcecode.c.objc; path = Finding_FindItemsIneBayStoresRequest.m; sourceTree = "<group>"; };
		CE06646517744FD60097B200 /* Finding_FindItemsIneBayStoresResponse.h */ = {isa = PBXFileReference; fileEncoding = 4; lastKnownFileType = sourcecode.c.h; path = Finding_FindItemsIneBayStoresResponse.h; sourceTree = "<group>"; };
		CE06646617744FD60097B200 /* Finding_FindItemsIneBayStoresResponse.m */ = {isa = PBXFileReference; fileEncoding = 4; lastKnownFileType = sourcecode.c.objc; path = Finding_FindItemsIneBayStoresResponse.m; sourceTree = "<group>"; };
		CE06646717744FD60097B200 /* Finding_GalleryInfoContainer.h */ = {isa = PBXFileReference; fileEncoding = 4; lastKnownFileType = sourcecode.c.h; path = Finding_GalleryInfoContainer.h; sourceTree = "<group>"; };
		CE06646817744FD60097B200 /* Finding_GalleryInfoContainer.m */ = {isa = PBXFileReference; fileEncoding = 4; lastKnownFileType = sourcecode.c.objc; path = Finding_GalleryInfoContainer.m; sourceTree = "<group>"; };
		CE06646917744FD60097B200 /* Finding_GallerySizeEnum.h */ = {isa = PBXFileReference; fileEncoding = 4; lastKnownFileType = sourcecode.c.h; path = Finding_GallerySizeEnum.h; sourceTree = "<group>"; };
		CE06646A17744FD60097B200 /* Finding_GallerySizeEnum.m */ = {isa = PBXFileReference; fileEncoding = 4; lastKnownFileType = sourcecode.c.objc; path = Finding_GallerySizeEnum.m; sourceTree = "<group>"; };
		CE06646B17744FD60097B200 /* Finding_GalleryURL.h */ = {isa = PBXFileReference; fileEncoding = 4; lastKnownFileType = sourcecode.c.h; path = Finding_GalleryURL.h; sourceTree = "<group>"; };
		CE06646C17744FD60097B200 /* Finding_GalleryURL.m */ = {isa = PBXFileReference; fileEncoding = 4; lastKnownFileType = sourcecode.c.objc; path = Finding_GalleryURL.m; sourceTree = "<group>"; };
		CE06646D17744FD60097B200 /* Finding_GetHistogramsRequest.h */ = {isa = PBXFileReference; fileEncoding = 4; lastKnownFileType = sourcecode.c.h; path = Finding_GetHistogramsRequest.h; sourceTree = "<group>"; };
		CE06646E17744FD60097B200 /* Finding_GetHistogramsRequest.m */ = {isa = PBXFileReference; fileEncoding = 4; lastKnownFileType = sourcecode.c.objc; path = Finding_GetHistogramsRequest.m; sourceTree = "<group>"; };
		CE06646F17744FD60097B200 /* Finding_GetHistogramsResponse.h */ = {isa = PBXFileReference; fileEncoding = 4; lastKnownFileType = sourcecode.c.h; path = Finding_GetHistogramsResponse.h; sourceTree = "<group>"; };
		CE06647017744FD60097B200 /* Finding_GetHistogramsResponse.m */ = {isa = PBXFileReference; fileEncoding = 4; lastKnownFileType = sourcecode.c.objc; path = Finding_GetHistogramsResponse.m; sourceTree = "<group>"; };
		CE06647117744FD60097B200 /* Finding_GetSearchKeywordsRecommendationRequest.h */ = {isa = PBXFileReference; fileEncoding = 4; lastKnownFileType = sourcecode.c.h; path = Finding_GetSearchKeywordsRecommendationRequest.h; sourceTree = "<group>"; };
		CE06647217744FD60097B200 /* Finding_GetSearchKeywordsRecommendationRequest.m */ = {isa = PBXFileReference; fileEncoding = 4; lastKnownFileType = sourcecode.c.objc; path = Finding_GetSearchKeywordsRecommendationRequest.m; sourceTree = "<group>"; };
		CE06647317744FD60097B200 /* Finding_GetSearchKeywordsRecommendationResponse.h */ = {isa = PBXFileReference; fileEncoding = 4; lastKnownFileType = sourcecode.c.h; path = Finding_GetSearchKeywordsRecommendationResponse.h; sourceTree = "<group>"; };
		CE06647417744FD60097B200 /* Finding_GetSearchKeywordsRecommendationResponse.m */ = {isa = PBXFileReference; fileEncoding = 4; lastKnownFileType = sourcecode.c.objc; path = Finding_GetSearchKeywordsRecommendationResponse.m; sourceTree = "<group>"; };
		CE06647517744FD60097B200 /* Finding_GetVersionRequest.h */ = {isa = PBXFileReference; fileEncoding = 4; lastKnownFileType = sourcecode.c.h; path = Finding_GetVersionRequest.h; sourceTree = "<group>"; };
		CE06647617744FD60097B200 /* Finding_GetVersionRequest.m */ = {isa = PBXFileReference; fileEncoding = 4; lastKnownFileType = sourcecode.c.objc; path = Finding_GetVersionRequest.m; sourceTree = "<group>"; };
		CE06647717744FD60097B200 /* Finding_GetVersionResponse.h */ = {isa = PBXFileReference; fileEncoding = 4; lastKnownFileType = sourcecode.c.h; path = Finding_GetVersionResponse.h; sourceTree = "<group>"; };
		CE06647817744FD60097B200 /* Finding_GetVersionResponse.m */ = {isa = PBXFileReference; fileEncoding = 4; lastKnownFileType = sourcecode.c.objc; path = Finding_GetVersionResponse.m; sourceTree = "<group>"; };
		CE06647917744FD60097B200 /* Finding_ItemAttribute.h */ = {isa = PBXFileReference; fileEncoding = 4; lastKnownFileType = sourcecode.c.h; path = Finding_ItemAttribute.h; sourceTree = "<group>"; };
		CE06647A17744FD60097B200 /* Finding_ItemAttribute.m */ = {isa = PBXFileReference; fileEncoding = 4; lastKnownFileType = sourcecode.c.objc; path = Finding_ItemAttribute.m; sourceTree = "<group>"; };
		CE06647B17744FD60097B200 /* Finding_ItemFilter.h */ = {isa = PBXFileReference; fileEncoding = 4; lastKnownFileType = sourcecode.c.h; path = Finding_ItemFilter.h; sourceTree = "<group>"; };
		CE06647C17744FD60097B200 /* Finding_ItemFilter.m */ = {isa = PBXFileReference; fileEncoding = 4; lastKnownFileType = sourcecode.c.objc; path = Finding_ItemFilter.m; sourceTree = "<group>"; };
		CE06647D17744FD60097B200 /* Finding_ItemFilterType.h */ = {isa = PBXFileReference; fileEncoding = 4; lastKnownFileType = sourcecode.c.h; path = Finding_ItemFilterType.h; sourceTree = "<group>"; };
		CE06647E17744FD60097B200 /* Finding_ItemFilterType.m */ = {isa = PBXFileReference; fileEncoding = 4; lastKnownFileType = sourcecode.c.objc; path = Finding_ItemFilterType.m; sourceTree = "<group>"; };
		CE06647F17744FD60097B200 /* Finding_ListingInfo.h */ = {isa = PBXFileReference; fileEncoding = 4; lastKnownFileType = sourcecode.c.h; path = Finding_ListingInfo.h; sourceTree = "<group>"; };
		CE06648017744FD60097B200 /* Finding_ListingInfo.m */ = {isa = PBXFileReference; fileEncoding = 4; lastKnownFileType = sourcecode.c.objc; path = Finding_ListingInfo.m; sourceTree = "<group>"; };
		CE06648117744FD60097B200 /* Finding_MapExposureEnum.h */ = {isa = PBXFileReference; fileEncoding = 4; lastKnownFileType = sourcecode.c.h; path = Finding_MapExposureEnum.h; sourceTree = "<group>"; };
		CE06648217744FD60097B200 /* Finding_MapExposureEnum.m */ = {isa = PBXFileReference; fileEncoding = 4; lastKnownFileType = sourcecode.c.objc; path = Finding_MapExposureEnum.m; sourceTree = "<group>"; };
		CE06648317744FD60097B200 /* Finding_OutputSelectorType.h */ = {isa = PBXFileReference; fileEncoding = 4; lastKnownFileType = sourcecode.c.h; path = Finding_OutputSelectorType.h; sourceTree = "<group>"; };
		CE06648417744FD60097B200 /* Finding_OutputSelectorType.m */ = {isa = PBXFileReference; fileEncoding = 4; lastKnownFileType = sourcecode.c.objc; path = Finding_OutputSelectorType.m; sourceTree = "<group>"; };
		CE06648517744FD60097B200 /* Finding_PaginationInput.h */ = {isa = PBXFileReference; fileEncoding = 4; lastKnownFileType = sourcecode.c.h; path = Finding_PaginationInput.h; sourceTree = "<group>"; };
		CE06648617744FD60097B200 /* Finding_PaginationInput.m */ = {isa = PBXFileReference; fileEncoding = 4; lastKnownFileType = sourcecode.c.objc; path = Finding_PaginationInput.m; sourceTree = "<group>"; };
		CE06648717744FD60097B200 /* Finding_PaginationOutput.h */ = {isa = PBXFileReference; fileEncoding = 4; lastKnownFileType = sourcecode.c.h; path = Finding_PaginationOutput.h; sourceTree = "<group>"; };
		CE06648817744FD60097B200 /* Finding_PaginationOutput.m */ = {isa = PBXFileReference; fileEncoding = 4; lastKnownFileType = sourcecode.c.objc; path = Finding_PaginationOutput.m; sourceTree = "<group>"; };
		CE06648917744FD60097B200 /* Finding_PriceTreatmentEnum.h */ = {isa = PBXFileReference; fileEncoding = 4; lastKnownFileType = sourcecode.c.h; path = Finding_PriceTreatmentEnum.h; sourceTree = "<group>"; };
		CE06648A17744FD60097B200 /* Finding_PriceTreatmentEnum.m */ = {isa = PBXFileReference; fileEncoding = 4; lastKnownFileType = sourcecode.c.objc; path = Finding_PriceTreatmentEnum.m; sourceTree = "<group>"; };
		CE06648B17744FD60097B200 /* Finding_ProductId.h */ = {isa = PBXFileReference; fileEncoding = 4; lastKnownFileType = sourcecode.c.h; path = Finding_ProductId.h; sourceTree = "<group>"; };
		CE06648C17744FD60097B200 /* Finding_ProductId.m */ = {isa = PBXFileReference; fileEncoding = 4; lastKnownFileType = sourcecode.c.objc; path = Finding_ProductId.m; sourceTree = "<group>"; };
		CE06648D17744FD60097B200 /* Finding_SearchItem.h */ = {isa = PBXFileReference; fileEncoding = 4; lastKnownFileType = sourcecode.c.h; path = Finding_SearchItem.h; sourceTree = "<group>"; };
		CE06648E17744FD60097B200 /* Finding_SearchItem.m */ = {isa = PBXFileReference; fileEncoding = 4; lastKnownFileType = sourcecode.c.objc; path = Finding_SearchItem.m; sourceTree = "<group>"; };
		CE06648F17744FD60097B200 /* Finding_SearchResult.h */ = {isa = PBXFileReference; fileEncoding = 4; lastKnownFileType = sourcecode.c.h; path = Finding_SearchResult.h; sourceTree = "<group>"; };
		CE06649017744FD60097B200 /* Finding_SearchResult.m */ = {isa = PBXFileReference; fileEncoding = 4; lastKnownFileType = sourcecode.c.objc; path = Finding_SearchResult.m; sourceTree = "<group>"; };
		CE06649117744FD60097B200 /* Finding_SellerInfo.h */ = {isa = PBXFileReference; fileEncoding = 4; lastKnownFileType = sourcecode.c.h; path = Finding_SellerInfo.h; sourceTree = "<group>"; };
		CE06649217744FD60097B200 /* Finding_SellerInfo.m */ = {isa = PBXFileReference; fileEncoding = 4; lastKnownFileType = sourcecode.c.objc; path = Finding_SellerInfo.m; sourceTree = "<group>"; };
		CE06649317744FD60097B200 /* Finding_SellingStatus.h */ = {isa = PBXFileReference; fileEncoding = 4; lastKnownFileType = sourcecode.c.h; path = Finding_SellingStatus.h; sourceTree = "<group>"; };
		CE06649417744FD60097B200 /* Finding_SellingStatus.m */ = {isa = PBXFileReference; fileEncoding = 4; lastKnownFileType = sourcecode.c.objc; path = Finding_SellingStatus.m; sourceTree = "<group>"; };
		CE06649517744FD60097B200 /* Finding_ShippingInfo.h */ = {isa = PBXFileReference; fileEncoding = 4; lastKnownFileType = sourcecode.c.h; path = Finding_ShippingInfo.h; sourceTree = "<group>"; };
		CE06649617744FD60097B200 /* Finding_ShippingInfo.m */ = {isa = PBXFileReference; fileEncoding = 4; lastKnownFileType = sourcecode.c.objc; path = Finding_ShippingInfo.m; sourceTree = "<group>"; };
		CE06649717744FD60097B200 /* Finding_SortOrderType.h */ = {isa = PBXFileReference; fileEncoding = 4; lastKnownFileType = sourcecode.c.h; path = Finding_SortOrderType.h; sourceTree = "<group>"; };
		CE06649817744FD60097B200 /* Finding_SortOrderType.m */ = {isa = PBXFileReference; fileEncoding = 4; lastKnownFileType = sourcecode.c.objc; path = Finding_SortOrderType.m; sourceTree = "<group>"; };
		CE06649917744FD60097B200 /* Finding_Storefront.h */ = {isa = PBXFileReference; fileEncoding = 4; lastKnownFileType = sourcecode.c.h; path = Finding_Storefront.h; sourceTree = "<group>"; };
		CE06649A17744FD60097B200 /* Finding_Storefront.m */ = {isa = PBXFileReference; fileEncoding = 4; lastKnownFileType = sourcecode.c.objc; path = Finding_Storefront.m; sourceTree = "<group>"; };
		CE06649B17744FD60097B200 /* Finding_UnitPriceInfo.h */ = {isa = PBXFileReference; fileEncoding = 4; lastKnownFileType = sourcecode.c.h; path = Finding_UnitPriceInfo.h; sourceTree = "<group>"; };
		CE06649C17744FD60097B200 /* Finding_UnitPriceInfo.m */ = {isa = PBXFileReference; fileEncoding = 4; lastKnownFileType = sourcecode.c.objc; path = Finding_UnitPriceInfo.m; sourceTree = "<group>"; };
		CE0C04491701DABE008597EC /* Entitlements.plist */ = {isa = PBXFileReference; fileEncoding = 4; lastKnownFileType = text.plist.xml; path = Entitlements.plist; sourceTree = "<group>"; };
		CE565B9316F5A5880097A66B /* libPico.a */ = {isa = PBXFileReference; lastKnownFileType = archive.ar; name = libPico.a; path = "../Pico/build/Release-iphoneos/libPico.a"; sourceTree = "<group>"; };
		CEDDB0F016F5C19A008632A8 /* Toast+UIView.h */ = {isa = PBXFileReference; fileEncoding = 4; lastKnownFileType = sourcecode.c.h; path = "Toast+UIView.h"; sourceTree = "<group>"; };
		CEDDB0F116F5C19A008632A8 /* Toast+UIView.m */ = {isa = PBXFileReference; fileEncoding = 4; lastKnownFileType = sourcecode.c.objc; path = "Toast+UIView.m"; sourceTree = "<group>"; };
		CEDDB0F316F5C1C7008632A8 /* QuartzCore.framework */ = {isa = PBXFileReference; lastKnownFileType = wrapper.framework; name = QuartzCore.framework; path = System/Library/Frameworks/QuartzCore.framework; sourceTree = SDKROOT; };
		CEF613DC16F4870500A3CB13 /* eBayFinding.app */ = {isa = PBXFileReference; explicitFileType = wrapper.application; includeInIndex = 0; path = eBayFinding.app; sourceTree = BUILT_PRODUCTS_DIR; };
		CEF613E016F4870500A3CB13 /* UIKit.framework */ = {isa = PBXFileReference; lastKnownFileType = wrapper.framework; name = UIKit.framework; path = System/Library/Frameworks/UIKit.framework; sourceTree = SDKROOT; };
		CEF613E216F4870500A3CB13 /* Foundation.framework */ = {isa = PBXFileReference; lastKnownFileType = wrapper.framework; name = Foundation.framework; path = System/Library/Frameworks/Foundation.framework; sourceTree = SDKROOT; };
		CEF613E416F4870500A3CB13 /* CoreGraphics.framework */ = {isa = PBXFileReference; lastKnownFileType = wrapper.framework; name = CoreGraphics.framework; path = System/Library/Frameworks/CoreGraphics.framework; sourceTree = SDKROOT; };
		CEF613E816F4870500A3CB13 /* eBayFinding-Info.plist */ = {isa = PBXFileReference; lastKnownFileType = text.plist.xml; path = "eBayFinding-Info.plist"; sourceTree = "<group>"; };
		CEF613EA16F4870500A3CB13 /* en */ = {isa = PBXFileReference; lastKnownFileType = text.plist.strings; name = en; path = en.lproj/InfoPlist.strings; sourceTree = "<group>"; };
		CEF613EC16F4870500A3CB13 /* main.m */ = {isa = PBXFileReference; lastKnownFileType = sourcecode.c.objc; path = main.m; sourceTree = "<group>"; };
		CEF613EE16F4870500A3CB13 /* eBayFinding-Prefix.pch */ = {isa = PBXFileReference; lastKnownFileType = sourcecode.c.h; path = "eBayFinding-Prefix.pch"; sourceTree = "<group>"; };
		CEF613EF16F4870500A3CB13 /* AppDelegate.h */ = {isa = PBXFileReference; lastKnownFileType = sourcecode.c.h; path = AppDelegate.h; sourceTree = "<group>"; };
		CEF613F016F4870500A3CB13 /* AppDelegate.m */ = {isa = PBXFileReference; lastKnownFileType = sourcecode.c.objc; path = AppDelegate.m; sourceTree = "<group>"; };
		CEF613F216F4870500A3CB13 /* Default.png */ = {isa = PBXFileReference; lastKnownFileType = image.png; path = Default.png; sourceTree = "<group>"; };
		CEF613F416F4870500A3CB13 /* Default@2x.png */ = {isa = PBXFileReference; lastKnownFileType = image.png; path = "Default@2x.png"; sourceTree = "<group>"; };
		CEF613F616F4870500A3CB13 /* Default-568h@2x.png */ = {isa = PBXFileReference; lastKnownFileType = image.png; path = "Default-568h@2x.png"; sourceTree = "<group>"; };
		CEF613F816F4870500A3CB13 /* ViewController.h */ = {isa = PBXFileReference; lastKnownFileType = sourcecode.c.h; path = ViewController.h; sourceTree = "<group>"; };
		CEF613F916F4870500A3CB13 /* ViewController.m */ = {isa = PBXFileReference; lastKnownFileType = sourcecode.c.objc; path = ViewController.m; sourceTree = "<group>"; };
		CEF613FC16F4870500A3CB13 /* en */ = {isa = PBXFileReference; lastKnownFileType = file.xib; name = en; path = en.lproj/ViewController_iPhone.xib; sourceTree = "<group>"; };
		CEF613FF16F4870500A3CB13 /* en */ = {isa = PBXFileReference; lastKnownFileType = file.xib; name = en; path = en.lproj/ViewController_iPad.xib; sourceTree = "<group>"; };
		CEF614E016F4878500A3CB13 /* EBayFindingServiceClient.h */ = {isa = PBXFileReference; fileEncoding = 4; lastKnownFileType = sourcecode.c.h; path = EBayFindingServiceClient.h; sourceTree = "<group>"; };
		CEF614E116F4878500A3CB13 /* EBayFindingServiceClient.m */ = {isa = PBXFileReference; fileEncoding = 4; lastKnownFileType = sourcecode.c.objc; path = EBayFindingServiceClient.m; sourceTree = "<group>"; };
		CEF614E516F487CC00A3CB13 /* libxml2.dylib */ = {isa = PBXFileReference; lastKnownFileType = "compiled.mach-o.dylib"; name = libxml2.dylib; path = usr/lib/libxml2.dylib; sourceTree = SDKROOT; };
/* End PBXFileReference section */

/* Begin PBXFrameworksBuildPhase section */
		CEF613D916F4870500A3CB13 /* Frameworks */ = {
			isa = PBXFrameworksBuildPhase;
			buildActionMask = 2147483647;
			files = (
				CEDDB0F416F5C1C7008632A8 /* QuartzCore.framework in Frameworks */,
				CE565B9416F5A5880097A66B /* libPico.a in Frameworks */,
				CEF614E616F487CC00A3CB13 /* libxml2.dylib in Frameworks */,
				CEF613E116F4870500A3CB13 /* UIKit.framework in Frameworks */,
				CEF613E316F4870500A3CB13 /* Foundation.framework in Frameworks */,
				CEF613E516F4870500A3CB13 /* CoreGraphics.framework in Frameworks */,
			);
			runOnlyForDeploymentPostprocessing = 0;
		};
/* End PBXFrameworksBuildPhase section */

/* Begin PBXGroup section */
		CE06640917744FD60097B200 /* Proxy */ = {
			isa = PBXGroup;
			children = (
				CE06640A17744FD60097B200 /* client */,
				CE06640F17744FD60097B200 /* common */,
				CE06641117744FD60097B200 /* Finding_AckValue.h */,
				CE06641217744FD60097B200 /* Finding_AckValue.m */,
				CE06641317744FD60097B200 /* Finding_Affiliate.h */,
				CE06641417744FD60097B200 /* Finding_Affiliate.m */,
				CE06641517744FD60097B200 /* Finding_Amount.h */,
				CE06641617744FD60097B200 /* Finding_Amount.m */,
				CE06641717744FD60097B200 /* Finding_Aspect.h */,
				CE06641817744FD60097B200 /* Finding_Aspect.m */,
				CE06641917744FD60097B200 /* Finding_AspectFilter.h */,
				CE06641A17744FD60097B200 /* Finding_AspectFilter.m */,
				CE06641B17744FD60097B200 /* Finding_AspectHistogramContainer.h */,
				CE06641C17744FD60097B200 /* Finding_AspectHistogramContainer.m */,
				CE06641D17744FD60097B200 /* Finding_AspectValueHistogram.h */,
				CE06641E17744FD60097B200 /* Finding_AspectValueHistogram.m */,
				CE06641F17744FD60097B200 /* Finding_BaseFindingServiceRequest.h */,
				CE06642017744FD60097B200 /* Finding_BaseFindingServiceRequest.m */,
				CE06642117744FD60097B200 /* Finding_BaseFindingServiceResponse.h */,
				CE06642217744FD60097B200 /* Finding_BaseFindingServiceResponse.m */,
				CE06642317744FD60097B200 /* Finding_BaseServiceRequest.h */,
				CE06642417744FD60097B200 /* Finding_BaseServiceRequest.m */,
				CE06642517744FD60097B200 /* Finding_BaseServiceResponse.h */,
				CE06642617744FD60097B200 /* Finding_BaseServiceResponse.m */,
				CE06642717744FD60097B200 /* Finding_BestMatchFindingServiceRequest.h */,
				CE06642817744FD60097B200 /* Finding_BestMatchFindingServiceRequest.m */,
				CE06642917744FD60097B200 /* Finding_Category.h */,
				CE06642A17744FD60097B200 /* Finding_Category.m */,
				CE06642B17744FD60097B200 /* Finding_CategoryHistogram.h */,
				CE06642C17744FD60097B200 /* Finding_CategoryHistogram.m */,
				CE06642D17744FD60097B200 /* Finding_CategoryHistogramContainer.h */,
				CE06642E17744FD60097B200 /* Finding_CategoryHistogramContainer.m */,
				CE06642F17744FD60097B200 /* Finding_Condition.h */,
				CE06643017744FD60097B200 /* Finding_Condition.m */,
				CE06643117744FD60097B200 /* Finding_ConditionHistogram.h */,
				CE06643217744FD60097B200 /* Finding_ConditionHistogram.m */,
				CE06643317744FD60097B200 /* Finding_ConditionHistogramContainer.h */,
				CE06643417744FD60097B200 /* Finding_ConditionHistogramContainer.m */,
				CE06643517744FD60097B200 /* Finding_DiscountPriceInfo.h */,
				CE06643617744FD60097B200 /* Finding_DiscountPriceInfo.m */,
				CE06643717744FD60097B200 /* Finding_Distance.h */,
				CE06643817744FD60097B200 /* Finding_Distance.m */,
				CE06643917744FD60097B200 /* Finding_DomainFilter.h */,
				CE06643A17744FD60097B200 /* Finding_DomainFilter.m */,
				CE06643B17744FD60097B200 /* Finding_ErrorCategory.h */,
				CE06643C17744FD60097B200 /* Finding_ErrorCategory.m */,
				CE06643D17744FD60097B200 /* Finding_ErrorData.h */,
				CE06643E17744FD60097B200 /* Finding_ErrorData.m */,
				CE06643F17744FD60097B200 /* Finding_ErrorMessage.h */,
				CE06644017744FD60097B200 /* Finding_ErrorMessage.m */,
				CE06644117744FD60097B200 /* Finding_ErrorParameter.h */,
				CE06644217744FD60097B200 /* Finding_ErrorParameter.m */,
				CE06644317744FD60097B200 /* Finding_ErrorSeverity.h */,
				CE06644417744FD60097B200 /* Finding_ErrorSeverity.m */,
				CE06644517744FD60097B200 /* Finding_ExtensionType.h */,
				CE06644617744FD60097B200 /* Finding_ExtensionType.m */,
				CE06644717744FD60097B200 /* Finding_FindCompletedItemsRequest.h */,
				CE06644817744FD60097B200 /* Finding_FindCompletedItemsRequest.m */,
				CE06644917744FD60097B200 /* Finding_FindCompletedItemsResponse.h */,
				CE06644A17744FD60097B200 /* Finding_FindCompletedItemsResponse.m */,
				CE06644B17744FD60097B200 /* Finding_FindItemsAdvancedRequest.h */,
				CE06644C17744FD60097B200 /* Finding_FindItemsAdvancedRequest.m */,
				CE06644D17744FD60097B200 /* Finding_FindItemsAdvancedResponse.h */,
				CE06644E17744FD60097B200 /* Finding_FindItemsAdvancedResponse.m */,
				CE06644F17744FD60097B200 /* Finding_FindItemsByCategoryRequest.h */,
				CE06645017744FD60097B200 /* Finding_FindItemsByCategoryRequest.m */,
				CE06645117744FD60097B200 /* Finding_FindItemsByCategoryResponse.h */,
				CE06645217744FD60097B200 /* Finding_FindItemsByCategoryResponse.m */,
				CE06645317744FD60097B200 /* Finding_FindItemsByImageRequest.h */,
				CE06645417744FD60097B200 /* Finding_FindItemsByImageRequest.m */,
				CE06645517744FD60097B200 /* Finding_FindItemsByImageResponse.h */,
				CE06645617744FD60097B200 /* Finding_FindItemsByImageResponse.m */,
				CE06645717744FD60097B200 /* Finding_FindItemsByKeywordsRequest.h */,
				CE06645817744FD60097B200 /* Finding_FindItemsByKeywordsRequest.m */,
				CE06645917744FD60097B200 /* Finding_FindItemsByKeywordsResponse.h */,
				CE06645A17744FD60097B200 /* Finding_FindItemsByKeywordsResponse.m */,
				CE06645B17744FD60097B200 /* Finding_FindItemsByProductRequest.h */,
				CE06645C17744FD60097B200 /* Finding_FindItemsByProductRequest.m */,
				CE06645D17744FD60097B200 /* Finding_FindItemsByProductResponse.h */,
				CE06645E17744FD60097B200 /* Finding_FindItemsByProductResponse.m */,
				CE06645F17744FD60097B200 /* Finding_FindItemsForFavoriteSearchRequest.h */,
				CE06646017744FD60097B200 /* Finding_FindItemsForFavoriteSearchRequest.m */,
				CE06646117744FD60097B200 /* Finding_FindItemsForFavoriteSearchResponse.h */,
				CE06646217744FD60097B200 /* Finding_FindItemsForFavoriteSearchResponse.m */,
				CE06646317744FD60097B200 /* Finding_FindItemsIneBayStoresRequest.h */,
				CE06646417744FD60097B200 /* Finding_FindItemsIneBayStoresRequest.m */,
				CE06646517744FD60097B200 /* Finding_FindItemsIneBayStoresResponse.h */,
				CE06646617744FD60097B200 /* Finding_FindItemsIneBayStoresResponse.m */,
				CE06646717744FD60097B200 /* Finding_GalleryInfoContainer.h */,
				CE06646817744FD60097B200 /* Finding_GalleryInfoContainer.m */,
				CE06646917744FD60097B200 /* Finding_GallerySizeEnum.h */,
				CE06646A17744FD60097B200 /* Finding_GallerySizeEnum.m */,
				CE06646B17744FD60097B200 /* Finding_GalleryURL.h */,
				CE06646C17744FD60097B200 /* Finding_GalleryURL.m */,
				CE06646D17744FD60097B200 /* Finding_GetHistogramsRequest.h */,
				CE06646E17744FD60097B200 /* Finding_GetHistogramsRequest.m */,
				CE06646F17744FD60097B200 /* Finding_GetHistogramsResponse.h */,
				CE06647017744FD60097B200 /* Finding_GetHistogramsResponse.m */,
				CE06647117744FD60097B200 /* Finding_GetSearchKeywordsRecommendationRequest.h */,
				CE06647217744FD60097B200 /* Finding_GetSearchKeywordsRecommendationRequest.m */,
				CE06647317744FD60097B200 /* Finding_GetSearchKeywordsRecommendationResponse.h */,
				CE06647417744FD60097B200 /* Finding_GetSearchKeywordsRecommendationResponse.m */,
				CE06647517744FD60097B200 /* Finding_GetVersionRequest.h */,
				CE06647617744FD60097B200 /* Finding_GetVersionRequest.m */,
				CE06647717744FD60097B200 /* Finding_GetVersionResponse.h */,
				CE06647817744FD60097B200 /* Finding_GetVersionResponse.m */,
				CE06647917744FD60097B200 /* Finding_ItemAttribute.h */,
				CE06647A17744FD60097B200 /* Finding_ItemAttribute.m */,
				CE06647B17744FD60097B200 /* Finding_ItemFilter.h */,
				CE06647C17744FD60097B200 /* Finding_ItemFilter.m */,
				CE06647D17744FD60097B200 /* Finding_ItemFilterType.h */,
				CE06647E17744FD60097B200 /* Finding_ItemFilterType.m */,
				CE06647F17744FD60097B200 /* Finding_ListingInfo.h */,
				CE06648017744FD60097B200 /* Finding_ListingInfo.m */,
				CE06648117744FD60097B200 /* Finding_MapExposureEnum.h */,
				CE06648217744FD60097B200 /* Finding_MapExposureEnum.m */,
				CE06648317744FD60097B200 /* Finding_OutputSelectorType.h */,
				CE06648417744FD60097B200 /* Finding_OutputSelectorType.m */,
				CE06648517744FD60097B200 /* Finding_PaginationInput.h */,
				CE06648617744FD60097B200 /* Finding_PaginationInput.m */,
				CE06648717744FD60097B200 /* Finding_PaginationOutput.h */,
				CE06648817744FD60097B200 /* Finding_PaginationOutput.m */,
				CE06648917744FD60097B200 /* Finding_PriceTreatmentEnum.h */,
				CE06648A17744FD60097B200 /* Finding_PriceTreatmentEnum.m */,
				CE06648B17744FD60097B200 /* Finding_ProductId.h */,
				CE06648C17744FD60097B200 /* Finding_ProductId.m */,
				CE06648D17744FD60097B200 /* Finding_SearchItem.h */,
				CE06648E17744FD60097B200 /* Finding_SearchItem.m */,
				CE06648F17744FD60097B200 /* Finding_SearchResult.h */,
				CE06649017744FD60097B200 /* Finding_SearchResult.m */,
				CE06649117744FD60097B200 /* Finding_SellerInfo.h */,
				CE06649217744FD60097B200 /* Finding_SellerInfo.m */,
				CE06649317744FD60097B200 /* Finding_SellingStatus.h */,
				CE06649417744FD60097B200 /* Finding_SellingStatus.m */,
				CE06649517744FD60097B200 /* Finding_ShippingInfo.h */,
				CE06649617744FD60097B200 /* Finding_ShippingInfo.m */,
				CE06649717744FD60097B200 /* Finding_SortOrderType.h */,
				CE06649817744FD60097B200 /* Finding_SortOrderType.m */,
				CE06649917744FD60097B200 /* Finding_Storefront.h */,
				CE06649A17744FD60097B200 /* Finding_Storefront.m */,
				CE06649B17744FD60097B200 /* Finding_UnitPriceInfo.h */,
				CE06649C17744FD60097B200 /* Finding_UnitPriceInfo.m */,
			);
			path = Proxy;
			sourceTree = "<group>";
		};
		CE06640A17744FD60097B200 /* client */ = {
			isa = PBXGroup;
			children = (
				CE06640B17744FD60097B200 /* FindingServicePortType_SOAPClient.h */,
				CE06640C17744FD60097B200 /* FindingServicePortType_SOAPClient.m */,
				CE06640D17744FD60097B200 /* FindingServicePortType_XMLClient.h */,
				CE06640E17744FD60097B200 /* FindingServicePortType_XMLClient.m */,
			);
			path = client;
			sourceTree = "<group>";
		};
		CE06640F17744FD60097B200 /* common */ = {
			isa = PBXGroup;
			children = (
				CE06641017744FD60097B200 /* Finding_CommonTypes.h */,
			);
			path = common;
			sourceTree = "<group>";
		};
		CEDDB0EF16F5C19A008632A8 /* Toast */ = {
			isa = PBXGroup;
			children = (
				CEDDB0F016F5C19A008632A8 /* Toast+UIView.h */,
				CEDDB0F116F5C19A008632A8 /* Toast+UIView.m */,
			);
			path = Toast;
			sourceTree = "<group>";
		};
		CEF613D116F4870400A3CB13 = {
			isa = PBXGroup;
			children = (
				CEF613E616F4870500A3CB13 /* eBayFinding */,
				CEF613DF16F4870500A3CB13 /* Frameworks */,
				CEF613DD16F4870500A3CB13 /* Products */,
			);
			sourceTree = "<group>";
		};
		CEF613DD16F4870500A3CB13 /* Products */ = {
			isa = PBXGroup;
			children = (
				CEF613DC16F4870500A3CB13 /* eBayFinding.app */,
			);
			name = Products;
			sourceTree = "<group>";
		};
		CEF613DF16F4870500A3CB13 /* Frameworks */ = {
			isa = PBXGroup;
			children = (
				CEF614E516F487CC00A3CB13 /* libxml2.dylib */,
				CE565B9316F5A5880097A66B /* libPico.a */,
				CEDDB0F316F5C1C7008632A8 /* QuartzCore.framework */,
				CEF613E016F4870500A3CB13 /* UIKit.framework */,
				CEF613E216F4870500A3CB13 /* Foundation.framework */,
				CEF613E416F4870500A3CB13 /* CoreGraphics.framework */,
			);
			name = Frameworks;
			sourceTree = "<group>";
		};
		CEF613E616F4870500A3CB13 /* eBayFinding */ = {
			isa = PBXGroup;
			children = (
				CEDDB0EF16F5C19A008632A8 /* Toast */,
				CEF6140616F4876800A3CB13 /* eBayFindingService */,
				CEF613EF16F4870500A3CB13 /* AppDelegate.h */,
				CEF613F016F4870500A3CB13 /* AppDelegate.m */,
				CEF613F816F4870500A3CB13 /* ViewController.h */,
				CEF613F916F4870500A3CB13 /* ViewController.m */,
				CEF613FB16F4870500A3CB13 /* ViewController_iPhone.xib */,
				CEF613FE16F4870500A3CB13 /* ViewController_iPad.xib */,
				CEF613E716F4870500A3CB13 /* Supporting Files */,
			);
			path = eBayFinding;
			sourceTree = "<group>";
		};
		CEF613E716F4870500A3CB13 /* Supporting Files */ = {
			isa = PBXGroup;
			children = (
				CEF613E816F4870500A3CB13 /* eBayFinding-Info.plist */,
				CEF613E916F4870500A3CB13 /* InfoPlist.strings */,
				CEF613EC16F4870500A3CB13 /* main.m */,
				CEF613EE16F4870500A3CB13 /* eBayFinding-Prefix.pch */,
				CEF613F216F4870500A3CB13 /* Default.png */,
				CEF613F416F4870500A3CB13 /* Default@2x.png */,
				CEF613F616F4870500A3CB13 /* Default-568h@2x.png */,
				CE0C04491701DABE008597EC /* Entitlements.plist */,
			);
			name = "Supporting Files";
			sourceTree = "<group>";
		};
		CEF6140616F4876800A3CB13 /* eBayFindingService */ = {
			isa = PBXGroup;
			children = (
				CE06640917744FD60097B200 /* Proxy */,
				CEF614E016F4878500A3CB13 /* EBayFindingServiceClient.h */,
				CEF614E116F4878500A3CB13 /* EBayFindingServiceClient.m */,
			);
			name = eBayFindingService;
			sourceTree = "<group>";
		};
/* End PBXGroup section */

/* Begin PBXNativeTarget section */
		CEF613DB16F4870500A3CB13 /* eBayFinding */ = {
			isa = PBXNativeTarget;
			buildConfigurationList = CEF6140316F4870500A3CB13 /* Build configuration list for PBXNativeTarget "eBayFinding" */;
			buildPhases = (
				CEF613D816F4870500A3CB13 /* Sources */,
				CEF613D916F4870500A3CB13 /* Frameworks */,
				CEF613DA16F4870500A3CB13 /* Resources */,
			);
			buildRules = (
			);
			dependencies = (
			);
			name = eBayFinding;
			productName = eBayFinding;
			productReference = CEF613DC16F4870500A3CB13 /* eBayFinding.app */;
			productType = "com.apple.product-type.application";
		};
/* End PBXNativeTarget section */

/* Begin PBXProject section */
		CEF613D316F4870400A3CB13 /* Project object */ = {
			isa = PBXProject;
			attributes = {
				LastUpgradeCheck = 0450;
				ORGANIZATIONNAME = Leansoft;
			};
			buildConfigurationList = CEF613D616F4870400A3CB13 /* Build configuration list for PBXProject "eBayFinding" */;
			compatibilityVersion = "Xcode 3.2";
			developmentRegion = English;
			hasScannedForEncodings = 0;
			knownRegions = (
				en,
			);
			mainGroup = CEF613D116F4870400A3CB13;
			productRefGroup = CEF613DD16F4870500A3CB13 /* Products */;
			projectDirPath = "";
			projectRoot = "";
			targets = (
				CEF613DB16F4870500A3CB13 /* eBayFinding */,
			);
		};
/* End PBXProject section */

/* Begin PBXResourcesBuildPhase section */
		CEF613DA16F4870500A3CB13 /* Resources */ = {
			isa = PBXResourcesBuildPhase;
			buildActionMask = 2147483647;
			files = (
				CEF613EB16F4870500A3CB13 /* InfoPlist.strings in Resources */,
				CEF613F316F4870500A3CB13 /* Default.png in Resources */,
				CEF613F516F4870500A3CB13 /* Default@2x.png in Resources */,
				CEF613F716F4870500A3CB13 /* Default-568h@2x.png in Resources */,
				CEF613FD16F4870500A3CB13 /* ViewController_iPhone.xib in Resources */,
				CEF6140016F4870500A3CB13 /* ViewController_iPad.xib in Resources */,
				CE0C044A1701DABE008597EC /* Entitlements.plist in Resources */,
			);
			runOnlyForDeploymentPostprocessing = 0;
		};
/* End PBXResourcesBuildPhase section */

/* Begin PBXSourcesBuildPhase section */
		CEF613D816F4870500A3CB13 /* Sources */ = {
			isa = PBXSourcesBuildPhase;
			buildActionMask = 2147483647;
			files = (
				CEF613ED16F4870500A3CB13 /* main.m in Sources */,
				CEF613F116F4870500A3CB13 /* AppDelegate.m in Sources */,
				CEF613FA16F4870500A3CB13 /* ViewController.m in Sources */,
				CEF614E216F4878500A3CB13 /* EBayFindingServiceClient.m in Sources */,
				CEDDB0F216F5C19A008632A8 /* Toast+UIView.m in Sources */,
				CE06649D17744FD60097B200 /* FindingServicePortType_SOAPClient.m in Sources */,
				CE06649E17744FD60097B200 /* FindingServicePortType_XMLClient.m in Sources */,
				CE06649F17744FD60097B200 /* Finding_AckValue.m in Sources */,
				CE0664A017744FD60097B200 /* Finding_Affiliate.m in Sources */,
				CE0664A117744FD60097B200 /* Finding_Amount.m in Sources */,
				CE0664A217744FD60097B200 /* Finding_Aspect.m in Sources */,
				CE0664A317744FD60097B200 /* Finding_AspectFilter.m in Sources */,
				CE0664A417744FD60097B200 /* Finding_AspectHistogramContainer.m in Sources */,
				CE0664A517744FD60097B200 /* Finding_AspectValueHistogram.m in Sources */,
				CE0664A617744FD60097B200 /* Finding_BaseFindingServiceRequest.m in Sources */,
				CE0664A717744FD60097B200 /* Finding_BaseFindingServiceResponse.m in Sources */,
				CE0664A817744FD60097B200 /* Finding_BaseServiceRequest.m in Sources */,
				CE0664A917744FD60097B200 /* Finding_BaseServiceResponse.m in Sources */,
				CE0664AA17744FD60097B200 /* Finding_BestMatchFindingServiceRequest.m in Sources */,
				CE0664AB17744FD60097B200 /* Finding_Category.m in Sources */,
				CE0664AC17744FD60097B200 /* Finding_CategoryHistogram.m in Sources */,
				CE0664AD17744FD60097B200 /* Finding_CategoryHistogramContainer.m in Sources */,
				CE0664AE17744FD60097B200 /* Finding_Condition.m in Sources */,
				CE0664AF17744FD60097B200 /* Finding_ConditionHistogram.m in Sources */,
				CE0664B017744FD60097B200 /* Finding_ConditionHistogramContainer.m in Sources */,
				CE0664B117744FD60097B200 /* Finding_DiscountPriceInfo.m in Sources */,
				CE0664B217744FD60097B200 /* Finding_Distance.m in Sources */,
				CE0664B317744FD60097B200 /* Finding_DomainFilter.m in Sources */,
				CE0664B417744FD60097B200 /* Finding_ErrorCategory.m in Sources */,
				CE0664B517744FD60097B200 /* Finding_ErrorData.m in Sources */,
				CE0664B617744FD60097B200 /* Finding_ErrorMessage.m in Sources */,
				CE0664B717744FD60097B200 /* Finding_ErrorParameter.m in Sources */,
				CE0664B817744FD60097B200 /* Finding_ErrorSeverity.m in Sources */,
				CE0664B917744FD60097B200 /* Finding_ExtensionType.m in Sources */,
				CE0664BA17744FD60097B200 /* Finding_FindCompletedItemsRequest.m in Sources */,
				CE0664BB17744FD60097B200 /* Finding_FindCompletedItemsResponse.m in Sources */,
				CE0664BC17744FD60097B200 /* Finding_FindItemsAdvancedRequest.m in Sources */,
				CE0664BD17744FD60097B200 /* Finding_FindItemsAdvancedResponse.m in Sources */,
				CE0664BE17744FD60097B200 /* Finding_FindItemsByCategoryRequest.m in Sources */,
				CE0664BF17744FD60097B200 /* Finding_FindItemsByCategoryResponse.m in Sources */,
				CE0664C017744FD60097B200 /* Finding_FindItemsByImageRequest.m in Sources */,
				CE0664C117744FD60097B200 /* Finding_FindItemsByImageResponse.m in Sources */,
				CE0664C217744FD60097B200 /* Finding_FindItemsByKeywordsRequest.m in Sources */,
				CE0664C317744FD60097B200 /* Finding_FindItemsByKeywordsResponse.m in Sources */,
				CE0664C417744FD60097B200 /* Finding_FindItemsByProductRequest.m in Sources */,
				CE0664C517744FD60097B200 /* Finding_FindItemsByProductResponse.m in Sources */,
				CE0664C617744FD60097B200 /* Finding_FindItemsForFavoriteSearchRequest.m in Sources */,
				CE0664C717744FD60097B200 /* Finding_FindItemsForFavoriteSearchResponse.m in Sources */,
				CE0664C817744FD60097B200 /* Finding_FindItemsIneBayStoresRequest.m in Sources */,
				CE0664C917744FD60097B200 /* Finding_FindItemsIneBayStoresResponse.m in Sources */,
				CE0664CA17744FD60097B200 /* Finding_GalleryInfoContainer.m in Sources */,
				CE0664CB17744FD60097B200 /* Finding_GallerySizeEnum.m in Sources */,
				CE0664CC17744FD60097B200 /* Finding_GalleryURL.m in Sources */,
				CE0664CD17744FD60097B200 /* Finding_GetHistogramsRequest.m in Sources */,
				CE0664CE17744FD60097B200 /* Finding_GetHistogramsResponse.m in Sources */,
				CE0664CF17744FD60097B200 /* Finding_GetSearchKeywordsRecommendationRequest.m in Sources */,
				CE0664D017744FD60097B200 /* Finding_GetSearchKeywordsRecommendationResponse.m in Sources */,
				CE0664D117744FD60097B200 /* Finding_GetVersionRequest.m in Sources */,
				CE0664D217744FD60097B200 /* Finding_GetVersionResponse.m in Sources */,
				CE0664D317744FD60097B200 /* Finding_ItemAttribute.m in Sources */,
				CE0664D417744FD60097B200 /* Finding_ItemFilter.m in Sources */,
				CE0664D517744FD60097B200 /* Finding_ItemFilterType.m in Sources */,
				CE0664D617744FD60097B200 /* Finding_ListingInfo.m in Sources */,
				CE0664D717744FD60097B200 /* Finding_MapExposureEnum.m in Sources */,
				CE0664D817744FD60097B200 /* Finding_OutputSelectorType.m in Sources */,
				CE0664D917744FD60097B200 /* Finding_PaginationInput.m in Sources */,
				CE0664DA17744FD60097B200 /* Finding_PaginationOutput.m in Sources */,
				CE0664DB17744FD60097B200 /* Finding_PriceTreatmentEnum.m in Sources */,
				CE0664DC17744FD60097B200 /* Finding_ProductId.m in Sources */,
				CE0664DD17744FD60097B200 /* Finding_SearchItem.m in Sources */,
				CE0664DE17744FD60097B200 /* Finding_SearchResult.m in Sources */,
				CE0664DF17744FD60097B200 /* Finding_SellerInfo.m in Sources */,
				CE0664E017744FD60097B200 /* Finding_SellingStatus.m in Sources */,
				CE0664E117744FD60097B200 /* Finding_ShippingInfo.m in Sources */,
				CE0664E217744FD60097B200 /* Finding_SortOrderType.m in Sources */,
				CE0664E317744FD60097B200 /* Finding_Storefront.m in Sources */,
				CE0664E417744FD60097B200 /* Finding_UnitPriceInfo.m in Sources */,
			);
			runOnlyForDeploymentPostprocessing = 0;
		};
/* End PBXSourcesBuildPhase section */

/* Begin PBXVariantGroup section */
		CEF613E916F4870500A3CB13 /* InfoPlist.strings */ = {
			isa = PBXVariantGroup;
			children = (
				CEF613EA16F4870500A3CB13 /* en */,
			);
			name = InfoPlist.strings;
			sourceTree = "<group>";
		};
		CEF613FB16F4870500A3CB13 /* ViewController_iPhone.xib */ = {
			isa = PBXVariantGroup;
			children = (
				CEF613FC16F4870500A3CB13 /* en */,
			);
			name = ViewController_iPhone.xib;
			sourceTree = "<group>";
		};
		CEF613FE16F4870500A3CB13 /* ViewController_iPad.xib */ = {
			isa = PBXVariantGroup;
			children = (
				CEF613FF16F4870500A3CB13 /* en */,
			);
			name = ViewController_iPad.xib;
			sourceTree = "<group>";
		};
/* End PBXVariantGroup section */

/* Begin XCBuildConfiguration section */
		CEF6140116F4870500A3CB13 /* Debug */ = {
			isa = XCBuildConfiguration;
			buildSettings = {
				ALWAYS_SEARCH_USER_PATHS = NO;
				CLANG_CXX_LANGUAGE_STANDARD = "gnu++0x";
				CLANG_CXX_LIBRARY = "libc++";
				CLANG_WARN_EMPTY_BODY = YES;
				CLANG_WARN__DUPLICATE_METHOD_MATCH = YES;
				"CODE_SIGN_IDENTITY[sdk=iphoneos*]" = "iPhone Developer";
				COPY_PHASE_STRIP = NO;
				GCC_C_LANGUAGE_STANDARD = gnu99;
				GCC_DYNAMIC_NO_PIC = NO;
				GCC_OPTIMIZATION_LEVEL = 0;
				GCC_PREPROCESSOR_DEFINITIONS = (
					"DEBUG=1",
					"$(inherited)",
				);
				GCC_SYMBOLS_PRIVATE_EXTERN = NO;
				GCC_WARN_ABOUT_RETURN_TYPE = YES;
				GCC_WARN_UNINITIALIZED_AUTOS = YES;
				GCC_WARN_UNUSED_VARIABLE = YES;
				IPHONEOS_DEPLOYMENT_TARGET = 6.0;
				ONLY_ACTIVE_ARCH = YES;
				SDKROOT = iphoneos;
				TARGETED_DEVICE_FAMILY = "1,2";
			};
			name = Debug;
		};
		CEF6140216F4870500A3CB13 /* Release */ = {
			isa = XCBuildConfiguration;
			buildSettings = {
				ALWAYS_SEARCH_USER_PATHS = NO;
				CLANG_CXX_LANGUAGE_STANDARD = "gnu++0x";
				CLANG_CXX_LIBRARY = "libc++";
				CLANG_WARN_EMPTY_BODY = YES;
				CLANG_WARN__DUPLICATE_METHOD_MATCH = YES;
				"CODE_SIGN_IDENTITY[sdk=iphoneos*]" = "iPhone Developer";
				COPY_PHASE_STRIP = YES;
				GCC_C_LANGUAGE_STANDARD = gnu99;
				GCC_WARN_ABOUT_RETURN_TYPE = YES;
				GCC_WARN_UNINITIALIZED_AUTOS = YES;
				GCC_WARN_UNUSED_VARIABLE = YES;
				IPHONEOS_DEPLOYMENT_TARGET = 6.0;
				OTHER_CFLAGS = "-DNS_BLOCK_ASSERTIONS=1";
				SDKROOT = iphoneos;
				TARGETED_DEVICE_FAMILY = "1,2";
				VALIDATE_PRODUCT = YES;
			};
			name = Release;
		};
		CEF6140416F4870500A3CB13 /* Debug */ = {
			isa = XCBuildConfiguration;
			buildSettings = {
				CLANG_CXX_LANGUAGE_STANDARD = "gnu++0x";
				CLANG_CXX_LIBRARY = "libc++";
				CODE_SIGN_ENTITLEMENTS = eBayFinding/Entitlements.plist;
				GCC_PRECOMPILE_PREFIX_HEADER = YES;
				GCC_PREFIX_HEADER = "eBayFinding/eBayFinding-Prefix.pch";
				HEADER_SEARCH_PATHS = "";
				INFOPLIST_FILE = "eBayFinding/eBayFinding-Info.plist";
				IPHONEOS_DEPLOYMENT_TARGET = 4.3;
				LIBRARY_SEARCH_PATHS = (
					"$(inherited)",
					"\"/Users/user/Library/Developer/Xcode/DerivedData/pico-flaiacivepfbdbamtajfyrqsjxae/Build/Products/Debug-iphoneos\"",
				);
				PRODUCT_NAME = "$(TARGET_NAME)";
				USER_HEADER_SEARCH_PATHS = "../../Pico/PicoSource/**";
				WRAPPER_EXTENSION = app;
			};
			name = Debug;
		};
		CEF6140516F4870500A3CB13 /* Release */ = {
			isa = XCBuildConfiguration;
			buildSettings = {
				CLANG_CXX_LANGUAGE_STANDARD = "gnu++0x";
				CLANG_CXX_LIBRARY = "libc++";
				CODE_SIGN_ENTITLEMENTS = eBayFinding/Entitlements.plist;
				GCC_PRECOMPILE_PREFIX_HEADER = YES;
				GCC_PREFIX_HEADER = "eBayFinding/eBayFinding-Prefix.pch";
				HEADER_SEARCH_PATHS = "";
				INFOPLIST_FILE = "eBayFinding/eBayFinding-Info.plist";
				IPHONEOS_DEPLOYMENT_TARGET = 4.3;
				LIBRARY_SEARCH_PATHS = (
					"$(inherited)",
					"\"/Users/user/Library/Developer/Xcode/DerivedData/pico-flaiacivepfbdbamtajfyrqsjxae/Build/Products/Debug-iphoneos\"",
				);
				PRODUCT_NAME = "$(TARGET_NAME)";
				USER_HEADER_SEARCH_PATHS = "../../Pico/PicoSource/**";
				WRAPPER_EXTENSION = app;
			};
			name = Release;
		};
/* End XCBuildConfiguration section */

/* Begin XCConfigurationList section */
		CEF613D616F4870400A3CB13 /* Build configuration list for PBXProject "eBayFinding" */ = {
			isa = XCConfigurationList;
			buildConfigurations = (
				CEF6140116F4870500A3CB13 /* Debug */,
				CEF6140216F4870500A3CB13 /* Release */,
			);
			defaultConfigurationIsVisible = 0;
			defaultConfigurationName = Release;
		};
		CEF6140316F4870500A3CB13 /* Build configuration list for PBXNativeTarget "eBayFinding" */ = {
			isa = XCConfigurationList;
			buildConfigurations = (
				CEF6140416F4870500A3CB13 /* Debug */,
				CEF6140516F4870500A3CB13 /* Release */,
			);
			defaultConfigurationIsVisible = 0;
			defaultConfigurationName = Release;
		};
/* End XCConfigurationList section */
	};
	rootObject = CEF613D316F4870400A3CB13 /* Project object */;
}
